// !$*UTF8*$!
{
	archiveVersion = 1;
	classes = {
	};
	objectVersion = 50;
	objects = {

/* Begin PBXBuildFile section */
		AB37EDE423F4AB060000F92E /* libHHGameKitMacOS.dylib in CopyFiles */ = {isa = PBXBuildFile; fileRef = AB37EC3323F49B2B0000F92E /* libHHGameKitMacOS.dylib */; };
		AB43B67E254C85E3004EE145 /* GKTurnBasedExchangeReply.h in Headers */ = {isa = PBXBuildFile; fileRef = AB43B63B254C85E2004EE145 /* GKTurnBasedExchangeReply.h */; };
		AB43B67F254C85E3004EE145 /* NSException.mm in Sources */ = {isa = PBXBuildFile; fileRef = AB43B63C254C85E2004EE145 /* NSException.mm */; };
		AB43B680254C85E3004EE145 /* UIViewController.mm in Sources */ = {isa = PBXBuildFile; fileRef = AB43B63D254C85E2004EE145 /* UIViewController.mm */; };
		AB43B681254C85E3004EE145 /* GKVoiceChat.mm in Sources */ = {isa = PBXBuildFile; fileRef = AB43B63E254C85E2004EE145 /* GKVoiceChat.mm */; };
		AB43B682254C85E3004EE145 /* GKChallenge.h in Headers */ = {isa = PBXBuildFile; fileRef = AB43B63F254C85E2004EE145 /* GKChallenge.h */; };
		AB43B683254C85E3004EE145 /* GKBasePlayer.h in Headers */ = {isa = PBXBuildFile; fileRef = AB43B640254C85E2004EE145 /* GKBasePlayer.h */; };
		AB43B684254C85E3004EE145 /* GKInvite.h in Headers */ = {isa = PBXBuildFile; fileRef = AB43B641254C85E2004EE145 /* GKInvite.h */; };
		AB43B685254C85E3004EE145 /* GKScore.mm in Sources */ = {isa = PBXBuildFile; fileRef = AB43B642254C85E2004EE145 /* GKScore.mm */; };
		AB43B686254C85E3004EE145 /* NSException.h in Headers */ = {isa = PBXBuildFile; fileRef = AB43B643254C85E2004EE145 /* NSException.h */; };
		AB43B687254C85E3004EE145 /* GKMatch.mm in Sources */ = {isa = PBXBuildFile; fileRef = AB43B644254C85E2004EE145 /* GKMatch.mm */; };
		AB43B688254C85E3004EE145 /* GKMatchmakerViewController.mm in Sources */ = {isa = PBXBuildFile; fileRef = AB43B645254C85E2004EE145 /* GKMatchmakerViewController.mm */; };
		AB43B689254C85E3004EE145 /* TurnBasedEventListener.h in Headers */ = {isa = PBXBuildFile; fileRef = AB43B646254C85E2004EE145 /* TurnBasedEventListener.h */; };
		AB43B68A254C85E3004EE145 /* Converters.h in Headers */ = {isa = PBXBuildFile; fileRef = AB43B647254C85E2004EE145 /* Converters.h */; };
		AB43B68B254C85E3004EE145 /* GKPlayer.h in Headers */ = {isa = PBXBuildFile; fileRef = AB43B648254C85E2004EE145 /* GKPlayer.h */; };
		AB43B68C254C85E3004EE145 /* GKTurnBasedParticipant.mm in Sources */ = {isa = PBXBuildFile; fileRef = AB43B649254C85E2004EE145 /* GKTurnBasedParticipant.mm */; };
		AB43B68D254C85E3004EE145 /* GKScoreChallenge.h in Headers */ = {isa = PBXBuildFile; fileRef = AB43B64A254C85E2004EE145 /* GKScoreChallenge.h */; };
		AB43B68E254C85E3004EE145 /* GKMatch.h in Headers */ = {isa = PBXBuildFile; fileRef = AB43B64B254C85E2004EE145 /* GKMatch.h */; };
		AB43B68F254C85E3004EE145 /* GKTurnBasedMatch.h in Headers */ = {isa = PBXBuildFile; fileRef = AB43B64C254C85E2004EE145 /* GKTurnBasedMatch.h */; };
		AB43B690254C85E3004EE145 /* ChallengeListener.h in Headers */ = {isa = PBXBuildFile; fileRef = AB43B64D254C85E2004EE145 /* ChallengeListener.h */; };
		AB43B691254C85E3004EE145 /* GKLeaderboard.h in Headers */ = {isa = PBXBuildFile; fileRef = AB43B64E254C85E2004EE145 /* GKLeaderboard.h */; };
		AB43B692254C85E3004EE145 /* Callbacks.h in Headers */ = {isa = PBXBuildFile; fileRef = AB43B64F254C85E2004EE145 /* Callbacks.h */; };
		AB43B693254C85E3004EE145 /* MatchmakerViewControllerDelegate.h in Headers */ = {isa = PBXBuildFile; fileRef = AB43B650254C85E2004EE145 /* MatchmakerViewControllerDelegate.h */; };
		AB43B694254C85E3004EE145 /* GKLeaderboardSet.h in Headers */ = {isa = PBXBuildFile; fileRef = AB43B651254C85E2004EE145 /* GKLeaderboardSet.h */; };
		AB43B695254C85E3004EE145 /* GKTurnBasedExchange.mm in Sources */ = {isa = PBXBuildFile; fileRef = AB43B652254C85E2004EE145 /* GKTurnBasedExchange.mm */; };
		AB43B696254C85E3004EE145 /* GKLocalPlayer.mm in Sources */ = {isa = PBXBuildFile; fileRef = AB43B653254C85E2004EE145 /* GKLocalPlayer.mm */; };
		AB43B697254C85E3004EE145 /* GKScoreChallenge.mm in Sources */ = {isa = PBXBuildFile; fileRef = AB43B654254C85E2004EE145 /* GKScoreChallenge.mm */; };
		AB43B698254C85E3004EE145 /* TurnBasedEventListener.mm in Sources */ = {isa = PBXBuildFile; fileRef = AB43B655254C85E2004EE145 /* TurnBasedEventListener.mm */; };
		AB43B699254C85E3004EE145 /* MatchDelegate.h in Headers */ = {isa = PBXBuildFile; fileRef = AB43B656254C85E2004EE145 /* MatchDelegate.h */; };
		AB43B69A254C85E3004EE145 /* GKAchievementChallenge.h in Headers */ = {isa = PBXBuildFile; fileRef = AB43B657254C85E2004EE145 /* GKAchievementChallenge.h */; };
		AB43B69B254C85E3004EE145 /* UIViewController.h in Headers */ = {isa = PBXBuildFile; fileRef = AB43B658254C85E2004EE145 /* UIViewController.h */; };
		AB43B69C254C85E3004EE145 /* ChallengeListener.mm in Sources */ = {isa = PBXBuildFile; fileRef = AB43B659254C85E2004EE145 /* ChallengeListener.mm */; };
		AB43B69D254C85E3004EE145 /* MatchDelegate.mm in Sources */ = {isa = PBXBuildFile; fileRef = AB43B65A254C85E2004EE145 /* MatchDelegate.mm */; };
		AB43B69E254C85E3004EE145 /* GKLeaderboardSet.mm in Sources */ = {isa = PBXBuildFile; fileRef = AB43B65B254C85E2004EE145 /* GKLeaderboardSet.mm */; };
		AB43B69F254C85E3004EE145 /* GKPlayer.mm in Sources */ = {isa = PBXBuildFile; fileRef = AB43B65C254C85E2004EE145 /* GKPlayer.mm */; };
		AB43B6A0254C85E3004EE145 /* GKAchievementDescription.mm in Sources */ = {isa = PBXBuildFile; fileRef = AB43B65D254C85E2004EE145 /* GKAchievementDescription.mm */; };
		AB43B6A1254C85E3004EE145 /* GKTurnBasedMatchmakerViewControllerDelegate.mm in Sources */ = {isa = PBXBuildFile; fileRef = AB43B65E254C85E2004EE145 /* GKTurnBasedMatchmakerViewControllerDelegate.mm */; };
		AB43B6A2254C85E3004EE145 /* MatchmakerViewControllerDelegate.mm in Sources */ = {isa = PBXBuildFile; fileRef = AB43B65F254C85E2004EE145 /* MatchmakerViewControllerDelegate.mm */; };
		AB43B6A3254C85E3004EE145 /* LocalPlayerListener.h in Headers */ = {isa = PBXBuildFile; fileRef = AB43B660254C85E2004EE145 /* LocalPlayerListener.h */; };
		AB43B6A4254C85E3004EE145 /* GKTurnBasedExchangeReply.mm in Sources */ = {isa = PBXBuildFile; fileRef = AB43B661254C85E2004EE145 /* GKTurnBasedExchangeReply.mm */; };
		AB43B6A5254C85E3004EE145 /* GKBasePlayer.mm in Sources */ = {isa = PBXBuildFile; fileRef = AB43B662254C85E2004EE145 /* GKBasePlayer.mm */; };
		AB43B6A6254C85E3004EE145 /* GKTurnBasedExchange.h in Headers */ = {isa = PBXBuildFile; fileRef = AB43B663254C85E2004EE145 /* GKTurnBasedExchange.h */; };
		AB43B6A7254C85E3004EE145 /* GKAchievement.h in Headers */ = {isa = PBXBuildFile; fileRef = AB43B664254C85E2004EE145 /* GKAchievement.h */; };
		AB43B6A8254C85E3004EE145 /* GKTurnBasedMatchmakerViewControllerDelegate.h in Headers */ = {isa = PBXBuildFile; fileRef = AB43B665254C85E2004EE145 /* GKTurnBasedMatchmakerViewControllerDelegate.h */; };
		AB43B6A9254C85E3004EE145 /* GKTurnBasedMatchmakerViewController.h in Headers */ = {isa = PBXBuildFile; fileRef = AB43B666254C85E2004EE145 /* GKTurnBasedMatchmakerViewController.h */; };
		AB43B6AA254C85E3004EE145 /* GKAchievement.mm in Sources */ = {isa = PBXBuildFile; fileRef = AB43B667254C85E2004EE145 /* GKAchievement.mm */; };
		AB43B6AB254C85E3004EE145 /* LocalPlayerListener.mm in Sources */ = {isa = PBXBuildFile; fileRef = AB43B668254C85E2004EE145 /* LocalPlayerListener.mm */; };
		AB43B6AC254C85E3004EE145 /* GKVoiceChat.h in Headers */ = {isa = PBXBuildFile; fileRef = AB43B669254C85E2004EE145 /* GKVoiceChat.h */; };
		AB43B6AD254C85E3004EE145 /* Converters.m in Sources */ = {isa = PBXBuildFile; fileRef = AB43B66A254C85E2004EE145 /* Converters.m */; };
		AB43B6AE254C85E3004EE145 /* NSError.mm in Sources */ = {isa = PBXBuildFile; fileRef = AB43B66B254C85E2004EE145 /* NSError.mm */; };
		AB43B6AF254C85E3004EE145 /* GKChallenge.mm in Sources */ = {isa = PBXBuildFile; fileRef = AB43B66C254C85E2004EE145 /* GKChallenge.mm */; };
		AB43B6B0254C85E3004EE145 /* GKInvite.mm in Sources */ = {isa = PBXBuildFile; fileRef = AB43B66D254C85E2004EE145 /* GKInvite.mm */; };
		AB43B6B1254C85E3004EE145 /* GameKitInitializer.h in Headers */ = {isa = PBXBuildFile; fileRef = AB43B66E254C85E2004EE145 /* GameKitInitializer.h */; };
		AB43B6B2254C85E3004EE145 /* NSError.h in Headers */ = {isa = PBXBuildFile; fileRef = AB43B66F254C85E2004EE145 /* NSError.h */; };
		AB43B6B3254C85E3004EE145 /* GKLeaderboard.mm in Sources */ = {isa = PBXBuildFile; fileRef = AB43B670254C85E2004EE145 /* GKLeaderboard.mm */; };
		AB43B6B4254C85E3004EE145 /* GKAchievementDescription.h in Headers */ = {isa = PBXBuildFile; fileRef = AB43B671254C85E2004EE145 /* GKAchievementDescription.h */; };
		AB43B6B5254C85E3004EE145 /* GKAchievementChallenge.mm in Sources */ = {isa = PBXBuildFile; fileRef = AB43B672254C85E2004EE145 /* GKAchievementChallenge.mm */; };
		AB43B6B6254C85E3004EE145 /* GKLocalPlayer.h in Headers */ = {isa = PBXBuildFile; fileRef = AB43B673254C85E2004EE145 /* GKLocalPlayer.h */; };
		AB43B6B7254C85E3004EE145 /* GKTurnBasedParticipant.h in Headers */ = {isa = PBXBuildFile; fileRef = AB43B674254C85E2004EE145 /* GKTurnBasedParticipant.h */; };
		AB43B6B8254C85E3004EE145 /* GKMatchmakerViewController.h in Headers */ = {isa = PBXBuildFile; fileRef = AB43B675254C85E2004EE145 /* GKMatchmakerViewController.h */; };
		AB43B6B9254C85E3004EE145 /* GKMatchmaker.mm in Sources */ = {isa = PBXBuildFile; fileRef = AB43B676254C85E2004EE145 /* GKMatchmaker.mm */; };
		AB43B6BA254C85E3004EE145 /* GKScore.h in Headers */ = {isa = PBXBuildFile; fileRef = AB43B677254C85E2004EE145 /* GKScore.h */; };
		AB43B6BB254C85E3004EE145 /* GKTurnBasedMatchmakerViewController.mm in Sources */ = {isa = PBXBuildFile; fileRef = AB43B678254C85E2004EE145 /* GKTurnBasedMatchmakerViewController.mm */; };
		AB43B6BC254C85E3004EE145 /* GKTurnBasedMatch.mm in Sources */ = {isa = PBXBuildFile; fileRef = AB43B679254C85E2004EE145 /* GKTurnBasedMatch.mm */; };
		AB43B6BD254C85E3004EE145 /* GameKitInitializer.mm in Sources */ = {isa = PBXBuildFile; fileRef = AB43B67A254C85E2004EE145 /* GameKitInitializer.mm */; };
		AB43B6BE254C85E3004EE145 /* GKMatchmaker.h in Headers */ = {isa = PBXBuildFile; fileRef = AB43B67B254C85E2004EE145 /* GKMatchmaker.h */; };
		AB43B6BF254C85E3004EE145 /* GKMatchRequest.h in Headers */ = {isa = PBXBuildFile; fileRef = AB43B67C254C85E2004EE145 /* GKMatchRequest.h */; };
		AB43B6C0254C85E3004EE145 /* GKMatchRequest.mm in Sources */ = {isa = PBXBuildFile; fileRef = AB43B67D254C85E2004EE145 /* GKMatchRequest.mm */; };
		AB5FB6822523C5DF0003EC6B /* GameKit.framework in Frameworks */ = {isa = PBXBuildFile; fileRef = AB5FB6812523C5DF0003EC6B /* GameKit.framework */; };
		AB5FB6842523C5F60003EC6B /* AppKit.framework in Frameworks */ = {isa = PBXBuildFile; fileRef = AB5FB6832523C5F60003EC6B /* AppKit.framework */; };
		ABDEA89F2571C580008EB04E /* GKAccessPoint.h in Headers */ = {isa = PBXBuildFile; fileRef = ABDEA89D2571C580008EB04E /* GKAccessPoint.h */; };
		ABDEA8A02571C580008EB04E /* GKAccessPoint.mm in Sources */ = {isa = PBXBuildFile; fileRef = ABDEA89E2571C580008EB04E /* GKAccessPoint.mm */; };
		ABDEA9CD2571D17F008EB04E /* GKLeaderboardScore.h in Headers */ = {isa = PBXBuildFile; fileRef = ABDEA9CB2571D17F008EB04E /* GKLeaderboardScore.h */; };
		ABDEA9CE2571D17F008EB04E /* GKLeaderboardScore.mm in Sources */ = {isa = PBXBuildFile; fileRef = ABDEA9CC2571D17F008EB04E /* GKLeaderboardScore.mm */; };
/* End PBXBuildFile section */

/* Begin PBXCopyFilesBuildPhase section */
		AB37EDE323F4AAD70000F92E /* CopyFiles */ = {
			isa = PBXCopyFilesBuildPhase;
			buildActionMask = 2147483647;
			dstPath = /Users/jonathan/Development/GameKitPlugin/GameKitPlugin/UnityGameKitPlugin/Packages/GameKit/Runtime/bin/MacOS;
			dstSubfolderSpec = 0;
			files = (
				AB37EDE423F4AB060000F92E /* libHHGameKitMacOS.dylib in CopyFiles */,
			);
			runOnlyForDeploymentPostprocessing = 0;
		};
/* End PBXCopyFilesBuildPhase section */

/* Begin PBXFileReference section */
		AB37EC3323F49B2B0000F92E /* libHHGameKitMacOS.dylib */ = {isa = PBXFileReference; explicitFileType = "compiled.mach-o.dylib"; includeInIndex = 0; path = libHHGameKitMacOS.dylib; sourceTree = BUILT_PRODUCTS_DIR; };
		AB43B63B254C85E2004EE145 /* GKTurnBasedExchangeReply.h */ = {isa = PBXFileReference; fileEncoding = 4; lastKnownFileType = sourcecode.c.h; path = GKTurnBasedExchangeReply.h; sourceTree = "<group>"; };
		AB43B63C254C85E2004EE145 /* NSException.mm */ = {isa = PBXFileReference; fileEncoding = 4; lastKnownFileType = sourcecode.cpp.objcpp; path = NSException.mm; sourceTree = "<group>"; };
		AB43B63D254C85E2004EE145 /* UIViewController.mm */ = {isa = PBXFileReference; fileEncoding = 4; lastKnownFileType = sourcecode.cpp.objcpp; path = UIViewController.mm; sourceTree = "<group>"; };
		AB43B63E254C85E2004EE145 /* GKVoiceChat.mm */ = {isa = PBXFileReference; fileEncoding = 4; lastKnownFileType = sourcecode.cpp.objcpp; path = GKVoiceChat.mm; sourceTree = "<group>"; };
		AB43B63F254C85E2004EE145 /* GKChallenge.h */ = {isa = PBXFileReference; fileEncoding = 4; lastKnownFileType = sourcecode.c.h; path = GKChallenge.h; sourceTree = "<group>"; };
		AB43B640254C85E2004EE145 /* GKBasePlayer.h */ = {isa = PBXFileReference; fileEncoding = 4; lastKnownFileType = sourcecode.c.h; path = GKBasePlayer.h; sourceTree = "<group>"; };
		AB43B641254C85E2004EE145 /* GKInvite.h */ = {isa = PBXFileReference; fileEncoding = 4; lastKnownFileType = sourcecode.c.h; path = GKInvite.h; sourceTree = "<group>"; };
		AB43B642254C85E2004EE145 /* GKScore.mm */ = {isa = PBXFileReference; fileEncoding = 4; lastKnownFileType = sourcecode.cpp.objcpp; path = GKScore.mm; sourceTree = "<group>"; };
		AB43B643254C85E2004EE145 /* NSException.h */ = {isa = PBXFileReference; fileEncoding = 4; lastKnownFileType = sourcecode.c.h; path = NSException.h; sourceTree = "<group>"; };
		AB43B644254C85E2004EE145 /* GKMatch.mm */ = {isa = PBXFileReference; fileEncoding = 4; lastKnownFileType = sourcecode.cpp.objcpp; path = GKMatch.mm; sourceTree = "<group>"; };
		AB43B645254C85E2004EE145 /* GKMatchmakerViewController.mm */ = {isa = PBXFileReference; fileEncoding = 4; lastKnownFileType = sourcecode.cpp.objcpp; path = GKMatchmakerViewController.mm; sourceTree = "<group>"; };
		AB43B646254C85E2004EE145 /* TurnBasedEventListener.h */ = {isa = PBXFileReference; fileEncoding = 4; lastKnownFileType = sourcecode.c.h; path = TurnBasedEventListener.h; sourceTree = "<group>"; };
		AB43B647254C85E2004EE145 /* Converters.h */ = {isa = PBXFileReference; fileEncoding = 4; lastKnownFileType = sourcecode.c.h; path = Converters.h; sourceTree = "<group>"; };
		AB43B648254C85E2004EE145 /* GKPlayer.h */ = {isa = PBXFileReference; fileEncoding = 4; lastKnownFileType = sourcecode.c.h; path = GKPlayer.h; sourceTree = "<group>"; };
		AB43B649254C85E2004EE145 /* GKTurnBasedParticipant.mm */ = {isa = PBXFileReference; fileEncoding = 4; lastKnownFileType = sourcecode.cpp.objcpp; path = GKTurnBasedParticipant.mm; sourceTree = "<group>"; };
		AB43B64A254C85E2004EE145 /* GKScoreChallenge.h */ = {isa = PBXFileReference; fileEncoding = 4; lastKnownFileType = sourcecode.c.h; path = GKScoreChallenge.h; sourceTree = "<group>"; };
		AB43B64B254C85E2004EE145 /* GKMatch.h */ = {isa = PBXFileReference; fileEncoding = 4; lastKnownFileType = sourcecode.c.h; path = GKMatch.h; sourceTree = "<group>"; };
		AB43B64C254C85E2004EE145 /* GKTurnBasedMatch.h */ = {isa = PBXFileReference; fileEncoding = 4; lastKnownFileType = sourcecode.c.h; path = GKTurnBasedMatch.h; sourceTree = "<group>"; };
		AB43B64D254C85E2004EE145 /* ChallengeListener.h */ = {isa = PBXFileReference; fileEncoding = 4; lastKnownFileType = sourcecode.c.h; path = ChallengeListener.h; sourceTree = "<group>"; };
		AB43B64E254C85E2004EE145 /* GKLeaderboard.h */ = {isa = PBXFileReference; fileEncoding = 4; lastKnownFileType = sourcecode.c.h; path = GKLeaderboard.h; sourceTree = "<group>"; };
		AB43B64F254C85E2004EE145 /* Callbacks.h */ = {isa = PBXFileReference; fileEncoding = 4; lastKnownFileType = sourcecode.c.h; path = Callbacks.h; sourceTree = "<group>"; };
		AB43B650254C85E2004EE145 /* MatchmakerViewControllerDelegate.h */ = {isa = PBXFileReference; fileEncoding = 4; lastKnownFileType = sourcecode.c.h; path = MatchmakerViewControllerDelegate.h; sourceTree = "<group>"; };
		AB43B651254C85E2004EE145 /* GKLeaderboardSet.h */ = {isa = PBXFileReference; fileEncoding = 4; lastKnownFileType = sourcecode.c.h; path = GKLeaderboardSet.h; sourceTree = "<group>"; };
		AB43B652254C85E2004EE145 /* GKTurnBasedExchange.mm */ = {isa = PBXFileReference; fileEncoding = 4; lastKnownFileType = sourcecode.cpp.objcpp; path = GKTurnBasedExchange.mm; sourceTree = "<group>"; };
		AB43B653254C85E2004EE145 /* GKLocalPlayer.mm */ = {isa = PBXFileReference; fileEncoding = 4; lastKnownFileType = sourcecode.cpp.objcpp; path = GKLocalPlayer.mm; sourceTree = "<group>"; };
		AB43B654254C85E2004EE145 /* GKScoreChallenge.mm */ = {isa = PBXFileReference; fileEncoding = 4; lastKnownFileType = sourcecode.cpp.objcpp; path = GKScoreChallenge.mm; sourceTree = "<group>"; };
		AB43B655254C85E2004EE145 /* TurnBasedEventListener.mm */ = {isa = PBXFileReference; fileEncoding = 4; lastKnownFileType = sourcecode.cpp.objcpp; path = TurnBasedEventListener.mm; sourceTree = "<group>"; };
		AB43B656254C85E2004EE145 /* MatchDelegate.h */ = {isa = PBXFileReference; fileEncoding = 4; lastKnownFileType = sourcecode.c.h; path = MatchDelegate.h; sourceTree = "<group>"; };
		AB43B657254C85E2004EE145 /* GKAchievementChallenge.h */ = {isa = PBXFileReference; fileEncoding = 4; lastKnownFileType = sourcecode.c.h; path = GKAchievementChallenge.h; sourceTree = "<group>"; };
		AB43B658254C85E2004EE145 /* UIViewController.h */ = {isa = PBXFileReference; fileEncoding = 4; lastKnownFileType = sourcecode.c.h; path = UIViewController.h; sourceTree = "<group>"; };
		AB43B659254C85E2004EE145 /* ChallengeListener.mm */ = {isa = PBXFileReference; fileEncoding = 4; lastKnownFileType = sourcecode.cpp.objcpp; path = ChallengeListener.mm; sourceTree = "<group>"; };
		AB43B65A254C85E2004EE145 /* MatchDelegate.mm */ = {isa = PBXFileReference; fileEncoding = 4; lastKnownFileType = sourcecode.cpp.objcpp; path = MatchDelegate.mm; sourceTree = "<group>"; };
		AB43B65B254C85E2004EE145 /* GKLeaderboardSet.mm */ = {isa = PBXFileReference; fileEncoding = 4; lastKnownFileType = sourcecode.cpp.objcpp; path = GKLeaderboardSet.mm; sourceTree = "<group>"; };
		AB43B65C254C85E2004EE145 /* GKPlayer.mm */ = {isa = PBXFileReference; fileEncoding = 4; lastKnownFileType = sourcecode.cpp.objcpp; path = GKPlayer.mm; sourceTree = "<group>"; };
		AB43B65D254C85E2004EE145 /* GKAchievementDescription.mm */ = {isa = PBXFileReference; fileEncoding = 4; lastKnownFileType = sourcecode.cpp.objcpp; path = GKAchievementDescription.mm; sourceTree = "<group>"; };
		AB43B65E254C85E2004EE145 /* GKTurnBasedMatchmakerViewControllerDelegate.mm */ = {isa = PBXFileReference; fileEncoding = 4; lastKnownFileType = sourcecode.cpp.objcpp; path = GKTurnBasedMatchmakerViewControllerDelegate.mm; sourceTree = "<group>"; };
		AB43B65F254C85E2004EE145 /* MatchmakerViewControllerDelegate.mm */ = {isa = PBXFileReference; fileEncoding = 4; lastKnownFileType = sourcecode.cpp.objcpp; path = MatchmakerViewControllerDelegate.mm; sourceTree = "<group>"; };
		AB43B660254C85E2004EE145 /* LocalPlayerListener.h */ = {isa = PBXFileReference; fileEncoding = 4; lastKnownFileType = sourcecode.c.h; path = LocalPlayerListener.h; sourceTree = "<group>"; };
		AB43B661254C85E2004EE145 /* GKTurnBasedExchangeReply.mm */ = {isa = PBXFileReference; fileEncoding = 4; lastKnownFileType = sourcecode.cpp.objcpp; path = GKTurnBasedExchangeReply.mm; sourceTree = "<group>"; };
		AB43B662254C85E2004EE145 /* GKBasePlayer.mm */ = {isa = PBXFileReference; fileEncoding = 4; lastKnownFileType = sourcecode.cpp.objcpp; path = GKBasePlayer.mm; sourceTree = "<group>"; };
		AB43B663254C85E2004EE145 /* GKTurnBasedExchange.h */ = {isa = PBXFileReference; fileEncoding = 4; lastKnownFileType = sourcecode.c.h; path = GKTurnBasedExchange.h; sourceTree = "<group>"; };
		AB43B664254C85E2004EE145 /* GKAchievement.h */ = {isa = PBXFileReference; fileEncoding = 4; lastKnownFileType = sourcecode.c.h; path = GKAchievement.h; sourceTree = "<group>"; };
		AB43B665254C85E2004EE145 /* GKTurnBasedMatchmakerViewControllerDelegate.h */ = {isa = PBXFileReference; fileEncoding = 4; lastKnownFileType = sourcecode.c.h; path = GKTurnBasedMatchmakerViewControllerDelegate.h; sourceTree = "<group>"; };
		AB43B666254C85E2004EE145 /* GKTurnBasedMatchmakerViewController.h */ = {isa = PBXFileReference; fileEncoding = 4; lastKnownFileType = sourcecode.c.h; path = GKTurnBasedMatchmakerViewController.h; sourceTree = "<group>"; };
		AB43B667254C85E2004EE145 /* GKAchievement.mm */ = {isa = PBXFileReference; fileEncoding = 4; lastKnownFileType = sourcecode.cpp.objcpp; path = GKAchievement.mm; sourceTree = "<group>"; };
		AB43B668254C85E2004EE145 /* LocalPlayerListener.mm */ = {isa = PBXFileReference; fileEncoding = 4; lastKnownFileType = sourcecode.cpp.objcpp; path = LocalPlayerListener.mm; sourceTree = "<group>"; };
		AB43B669254C85E2004EE145 /* GKVoiceChat.h */ = {isa = PBXFileReference; fileEncoding = 4; lastKnownFileType = sourcecode.c.h; path = GKVoiceChat.h; sourceTree = "<group>"; };
		AB43B66A254C85E2004EE145 /* Converters.m */ = {isa = PBXFileReference; fileEncoding = 4; lastKnownFileType = sourcecode.c.objc; path = Converters.m; sourceTree = "<group>"; };
		AB43B66B254C85E2004EE145 /* NSError.mm */ = {isa = PBXFileReference; fileEncoding = 4; lastKnownFileType = sourcecode.cpp.objcpp; path = NSError.mm; sourceTree = "<group>"; };
		AB43B66C254C85E2004EE145 /* GKChallenge.mm */ = {isa = PBXFileReference; fileEncoding = 4; lastKnownFileType = sourcecode.cpp.objcpp; path = GKChallenge.mm; sourceTree = "<group>"; };
		AB43B66D254C85E2004EE145 /* GKInvite.mm */ = {isa = PBXFileReference; fileEncoding = 4; lastKnownFileType = sourcecode.cpp.objcpp; path = GKInvite.mm; sourceTree = "<group>"; };
		AB43B66E254C85E2004EE145 /* GameKitInitializer.h */ = {isa = PBXFileReference; fileEncoding = 4; lastKnownFileType = sourcecode.c.h; path = GameKitInitializer.h; sourceTree = "<group>"; };
		AB43B66F254C85E2004EE145 /* NSError.h */ = {isa = PBXFileReference; fileEncoding = 4; lastKnownFileType = sourcecode.c.h; path = NSError.h; sourceTree = "<group>"; };
		AB43B670254C85E2004EE145 /* GKLeaderboard.mm */ = {isa = PBXFileReference; fileEncoding = 4; lastKnownFileType = sourcecode.cpp.objcpp; path = GKLeaderboard.mm; sourceTree = "<group>"; };
		AB43B671254C85E2004EE145 /* GKAchievementDescription.h */ = {isa = PBXFileReference; fileEncoding = 4; lastKnownFileType = sourcecode.c.h; path = GKAchievementDescription.h; sourceTree = "<group>"; };
		AB43B672254C85E2004EE145 /* GKAchievementChallenge.mm */ = {isa = PBXFileReference; fileEncoding = 4; lastKnownFileType = sourcecode.cpp.objcpp; path = GKAchievementChallenge.mm; sourceTree = "<group>"; };
		AB43B673254C85E2004EE145 /* GKLocalPlayer.h */ = {isa = PBXFileReference; fileEncoding = 4; lastKnownFileType = sourcecode.c.h; path = GKLocalPlayer.h; sourceTree = "<group>"; };
		AB43B674254C85E2004EE145 /* GKTurnBasedParticipant.h */ = {isa = PBXFileReference; fileEncoding = 4; lastKnownFileType = sourcecode.c.h; path = GKTurnBasedParticipant.h; sourceTree = "<group>"; };
		AB43B675254C85E2004EE145 /* GKMatchmakerViewController.h */ = {isa = PBXFileReference; fileEncoding = 4; lastKnownFileType = sourcecode.c.h; path = GKMatchmakerViewController.h; sourceTree = "<group>"; };
		AB43B676254C85E2004EE145 /* GKMatchmaker.mm */ = {isa = PBXFileReference; fileEncoding = 4; lastKnownFileType = sourcecode.cpp.objcpp; path = GKMatchmaker.mm; sourceTree = "<group>"; };
		AB43B677254C85E2004EE145 /* GKScore.h */ = {isa = PBXFileReference; fileEncoding = 4; lastKnownFileType = sourcecode.c.h; path = GKScore.h; sourceTree = "<group>"; };
		AB43B678254C85E2004EE145 /* GKTurnBasedMatchmakerViewController.mm */ = {isa = PBXFileReference; fileEncoding = 4; lastKnownFileType = sourcecode.cpp.objcpp; path = GKTurnBasedMatchmakerViewController.mm; sourceTree = "<group>"; };
		AB43B679254C85E2004EE145 /* GKTurnBasedMatch.mm */ = {isa = PBXFileReference; fileEncoding = 4; lastKnownFileType = sourcecode.cpp.objcpp; path = GKTurnBasedMatch.mm; sourceTree = "<group>"; };
		AB43B67A254C85E2004EE145 /* GameKitInitializer.mm */ = {isa = PBXFileReference; fileEncoding = 4; lastKnownFileType = sourcecode.cpp.objcpp; path = GameKitInitializer.mm; sourceTree = "<group>"; };
		AB43B67B254C85E2004EE145 /* GKMatchmaker.h */ = {isa = PBXFileReference; fileEncoding = 4; lastKnownFileType = sourcecode.c.h; path = GKMatchmaker.h; sourceTree = "<group>"; };
		AB43B67C254C85E2004EE145 /* GKMatchRequest.h */ = {isa = PBXFileReference; fileEncoding = 4; lastKnownFileType = sourcecode.c.h; path = GKMatchRequest.h; sourceTree = "<group>"; };
		AB43B67D254C85E2004EE145 /* GKMatchRequest.mm */ = {isa = PBXFileReference; fileEncoding = 4; lastKnownFileType = sourcecode.cpp.objcpp; path = GKMatchRequest.mm; sourceTree = "<group>"; };
		AB5FB6812523C5DF0003EC6B /* GameKit.framework */ = {isa = PBXFileReference; lastKnownFileType = wrapper.framework; name = GameKit.framework; path = System/Library/Frameworks/GameKit.framework; sourceTree = SDKROOT; };
		AB5FB6832523C5F60003EC6B /* AppKit.framework */ = {isa = PBXFileReference; lastKnownFileType = wrapper.framework; name = AppKit.framework; path = System/Library/Frameworks/AppKit.framework; sourceTree = SDKROOT; };
		ABDEA89D2571C580008EB04E /* GKAccessPoint.h */ = {isa = PBXFileReference; fileEncoding = 4; lastKnownFileType = sourcecode.c.h; path = GKAccessPoint.h; sourceTree = "<group>"; };
		ABDEA89E2571C580008EB04E /* GKAccessPoint.mm */ = {isa = PBXFileReference; fileEncoding = 4; lastKnownFileType = sourcecode.cpp.objcpp; path = GKAccessPoint.mm; sourceTree = "<group>"; };
		ABDEA9CB2571D17F008EB04E /* GKLeaderboardScore.h */ = {isa = PBXFileReference; fileEncoding = 4; lastKnownFileType = sourcecode.c.h; path = GKLeaderboardScore.h; sourceTree = "<group>"; };
		ABDEA9CC2571D17F008EB04E /* GKLeaderboardScore.mm */ = {isa = PBXFileReference; fileEncoding = 4; lastKnownFileType = sourcecode.cpp.objcpp; path = GKLeaderboardScore.mm; sourceTree = "<group>"; };
/* End PBXFileReference section */

/* Begin PBXFrameworksBuildPhase section */
		AB37EC3123F49B2B0000F92E /* Frameworks */ = {
			isa = PBXFrameworksBuildPhase;
			buildActionMask = 2147483647;
			files = (
				AB5FB6822523C5DF0003EC6B /* GameKit.framework in Frameworks */,
				AB5FB6842523C5F60003EC6B /* AppKit.framework in Frameworks */,
			);
			runOnlyForDeploymentPostprocessing = 0;
		};
/* End PBXFrameworksBuildPhase section */

/* Begin PBXGroup section */
		AB37EC2A23F49B2B0000F92E = {
			isa = PBXGroup;
			children = (
				AB43B63A254C85E2004EE145 /* Common */,
				AB37EC3423F49B2B0000F92E /* Products */,
				AB37EDDC23F4A6700000F92E /* Frameworks */,
			);
			sourceTree = "<group>";
		};
		AB37EC3423F49B2B0000F92E /* Products */ = {
			isa = PBXGroup;
			children = (
				AB37EC3323F49B2B0000F92E /* libHHGameKitMacOS.dylib */,
			);
			name = Products;
			sourceTree = "<group>";
		};
		AB37EDDC23F4A6700000F92E /* Frameworks */ = {
			isa = PBXGroup;
			children = (
				AB5FB6832523C5F60003EC6B /* AppKit.framework */,
				AB5FB6812523C5DF0003EC6B /* GameKit.framework */,
			);
			name = Frameworks;
			sourceTree = "<group>";
		};
		AB43B63A254C85E2004EE145 /* Common */ = {
			isa = PBXGroup;
			children = (
				AB43B64F254C85E2004EE145 /* Callbacks.h */,
				AB43B64D254C85E2004EE145 /* ChallengeListener.h */,
				AB43B659254C85E2004EE145 /* ChallengeListener.mm */,
				AB43B647254C85E2004EE145 /* Converters.h */,
				AB43B66A254C85E2004EE145 /* Converters.m */,
				AB43B66E254C85E2004EE145 /* GameKitInitializer.h */,
				AB43B67A254C85E2004EE145 /* GameKitInitializer.mm */,
				ABDEA89D2571C580008EB04E /* GKAccessPoint.h */,
				ABDEA89E2571C580008EB04E /* GKAccessPoint.mm */,
				AB43B664254C85E2004EE145 /* GKAchievement.h */,
				AB43B667254C85E2004EE145 /* GKAchievement.mm */,
				AB43B657254C85E2004EE145 /* GKAchievementChallenge.h */,
				AB43B672254C85E2004EE145 /* GKAchievementChallenge.mm */,
				AB43B671254C85E2004EE145 /* GKAchievementDescription.h */,
				AB43B65D254C85E2004EE145 /* GKAchievementDescription.mm */,
				AB43B640254C85E2004EE145 /* GKBasePlayer.h */,
				AB43B662254C85E2004EE145 /* GKBasePlayer.mm */,
				AB43B63F254C85E2004EE145 /* GKChallenge.h */,
				AB43B66C254C85E2004EE145 /* GKChallenge.mm */,
				AB43B641254C85E2004EE145 /* GKInvite.h */,
				AB43B66D254C85E2004EE145 /* GKInvite.mm */,
				AB43B64E254C85E2004EE145 /* GKLeaderboard.h */,
				AB43B670254C85E2004EE145 /* GKLeaderboard.mm */,
				ABDEA9CB2571D17F008EB04E /* GKLeaderboardScore.h */,
				ABDEA9CC2571D17F008EB04E /* GKLeaderboardScore.mm */,
				AB43B651254C85E2004EE145 /* GKLeaderboardSet.h */,
				AB43B65B254C85E2004EE145 /* GKLeaderboardSet.mm */,
				AB43B673254C85E2004EE145 /* GKLocalPlayer.h */,
				AB43B653254C85E2004EE145 /* GKLocalPlayer.mm */,
				AB43B64B254C85E2004EE145 /* GKMatch.h */,
				AB43B644254C85E2004EE145 /* GKMatch.mm */,
				AB43B67B254C85E2004EE145 /* GKMatchmaker.h */,
				AB43B676254C85E2004EE145 /* GKMatchmaker.mm */,
				AB43B675254C85E2004EE145 /* GKMatchmakerViewController.h */,
				AB43B645254C85E2004EE145 /* GKMatchmakerViewController.mm */,
				AB43B67C254C85E2004EE145 /* GKMatchRequest.h */,
				AB43B67D254C85E2004EE145 /* GKMatchRequest.mm */,
				AB43B648254C85E2004EE145 /* GKPlayer.h */,
				AB43B65C254C85E2004EE145 /* GKPlayer.mm */,
				AB43B677254C85E2004EE145 /* GKScore.h */,
				AB43B642254C85E2004EE145 /* GKScore.mm */,
				AB43B64A254C85E2004EE145 /* GKScoreChallenge.h */,
				AB43B654254C85E2004EE145 /* GKScoreChallenge.mm */,
				AB43B663254C85E2004EE145 /* GKTurnBasedExchange.h */,
				AB43B652254C85E2004EE145 /* GKTurnBasedExchange.mm */,
				AB43B63B254C85E2004EE145 /* GKTurnBasedExchangeReply.h */,
				AB43B661254C85E2004EE145 /* GKTurnBasedExchangeReply.mm */,
				AB43B64C254C85E2004EE145 /* GKTurnBasedMatch.h */,
				AB43B679254C85E2004EE145 /* GKTurnBasedMatch.mm */,
				AB43B666254C85E2004EE145 /* GKTurnBasedMatchmakerViewController.h */,
				AB43B678254C85E2004EE145 /* GKTurnBasedMatchmakerViewController.mm */,
				AB43B665254C85E2004EE145 /* GKTurnBasedMatchmakerViewControllerDelegate.h */,
				AB43B65E254C85E2004EE145 /* GKTurnBasedMatchmakerViewControllerDelegate.mm */,
				AB43B674254C85E2004EE145 /* GKTurnBasedParticipant.h */,
				AB43B649254C85E2004EE145 /* GKTurnBasedParticipant.mm */,
				AB43B669254C85E2004EE145 /* GKVoiceChat.h */,
				AB43B63E254C85E2004EE145 /* GKVoiceChat.mm */,
				AB43B660254C85E2004EE145 /* LocalPlayerListener.h */,
				AB43B668254C85E2004EE145 /* LocalPlayerListener.mm */,
				AB43B656254C85E2004EE145 /* MatchDelegate.h */,
				AB43B65A254C85E2004EE145 /* MatchDelegate.mm */,
				AB43B650254C85E2004EE145 /* MatchmakerViewControllerDelegate.h */,
				AB43B65F254C85E2004EE145 /* MatchmakerViewControllerDelegate.mm */,
				AB43B66F254C85E2004EE145 /* NSError.h */,
				AB43B66B254C85E2004EE145 /* NSError.mm */,
				AB43B643254C85E2004EE145 /* NSException.h */,
				AB43B63C254C85E2004EE145 /* NSException.mm */,
				AB43B646254C85E2004EE145 /* TurnBasedEventListener.h */,
				AB43B655254C85E2004EE145 /* TurnBasedEventListener.mm */,
				AB43B658254C85E2004EE145 /* UIViewController.h */,
				AB43B63D254C85E2004EE145 /* UIViewController.mm */,
			);
			name = Common;
			path = ../Common;
			sourceTree = "<group>";
		};
/* End PBXGroup section */

/* Begin PBXHeadersBuildPhase section */
		AB37EC2F23F49B2B0000F92E /* Headers */ = {
			isa = PBXHeadersBuildPhase;
			buildActionMask = 2147483647;
			files = (
				AB43B683254C85E3004EE145 /* GKBasePlayer.h in Headers */,
				AB43B6A9254C85E3004EE145 /* GKTurnBasedMatchmakerViewController.h in Headers */,
				AB43B6B1254C85E3004EE145 /* GameKitInitializer.h in Headers */,
				AB43B68F254C85E3004EE145 /* GKTurnBasedMatch.h in Headers */,
				AB43B6B6254C85E3004EE145 /* GKLocalPlayer.h in Headers */,
				AB43B684254C85E3004EE145 /* GKInvite.h in Headers */,
				AB43B6B2254C85E3004EE145 /* NSError.h in Headers */,
				AB43B6AC254C85E3004EE145 /* GKVoiceChat.h in Headers */,
				AB43B6BF254C85E3004EE145 /* GKMatchRequest.h in Headers */,
				AB43B689254C85E3004EE145 /* TurnBasedEventListener.h in Headers */,
				AB43B68D254C85E3004EE145 /* GKScoreChallenge.h in Headers */,
				AB43B68E254C85E3004EE145 /* GKMatch.h in Headers */,
				AB43B6B7254C85E3004EE145 /* GKTurnBasedParticipant.h in Headers */,
				AB43B691254C85E3004EE145 /* GKLeaderboard.h in Headers */,
				AB43B6BA254C85E3004EE145 /* GKScore.h in Headers */,
				AB43B6B4254C85E3004EE145 /* GKAchievementDescription.h in Headers */,
				AB43B690254C85E3004EE145 /* ChallengeListener.h in Headers */,
				AB43B68A254C85E3004EE145 /* Converters.h in Headers */,
				AB43B699254C85E3004EE145 /* MatchDelegate.h in Headers */,
				AB43B6B8254C85E3004EE145 /* GKMatchmakerViewController.h in Headers */,
				AB43B686254C85E3004EE145 /* NSException.h in Headers */,
				AB43B682254C85E3004EE145 /* GKChallenge.h in Headers */,
				AB43B69B254C85E3004EE145 /* UIViewController.h in Headers */,
				AB43B6BE254C85E3004EE145 /* GKMatchmaker.h in Headers */,
				AB43B6A6254C85E3004EE145 /* GKTurnBasedExchange.h in Headers */,
				AB43B6A3254C85E3004EE145 /* LocalPlayerListener.h in Headers */,
				AB43B694254C85E3004EE145 /* GKLeaderboardSet.h in Headers */,
				AB43B6A7254C85E3004EE145 /* GKAchievement.h in Headers */,
				ABDEA89F2571C580008EB04E /* GKAccessPoint.h in Headers */,
				ABDEA9CD2571D17F008EB04E /* GKLeaderboardScore.h in Headers */,
				AB43B6A8254C85E3004EE145 /* GKTurnBasedMatchmakerViewControllerDelegate.h in Headers */,
				AB43B692254C85E3004EE145 /* Callbacks.h in Headers */,
				AB43B693254C85E3004EE145 /* MatchmakerViewControllerDelegate.h in Headers */,
				AB43B67E254C85E3004EE145 /* GKTurnBasedExchangeReply.h in Headers */,
				AB43B69A254C85E3004EE145 /* GKAchievementChallenge.h in Headers */,
				AB43B68B254C85E3004EE145 /* GKPlayer.h in Headers */,
			);
			runOnlyForDeploymentPostprocessing = 0;
		};
/* End PBXHeadersBuildPhase section */

/* Begin PBXNativeTarget section */
		AB37EC3223F49B2B0000F92E /* HHGameKitMacOS */ = {
			isa = PBXNativeTarget;
			buildConfigurationList = AB37EC3C23F49B2B0000F92E /* Build configuration list for PBXNativeTarget "HHGameKitMacOS" */;
			buildPhases = (
				AB37EC2F23F49B2B0000F92E /* Headers */,
				AB37EC3023F49B2B0000F92E /* Sources */,
				AB37EC3123F49B2B0000F92E /* Frameworks */,
				AB37EDE323F4AAD70000F92E /* CopyFiles */,
			);
			buildRules = (
			);
			dependencies = (
			);
			name = HHGameKitMacOS;
			productName = HHCloudKitMacOS;
			productReference = AB37EC3323F49B2B0000F92E /* libHHGameKitMacOS.dylib */;
			productType = "com.apple.product-type.library.dynamic";
		};
/* End PBXNativeTarget section */

/* Begin PBXProject section */
		AB37EC2B23F49B2B0000F92E /* Project object */ = {
			isa = PBXProject;
			attributes = {
				LastUpgradeCheck = 1130;
				ORGANIZATIONNAME = HovelHouseApps;
				TargetAttributes = {
					AB37EC3223F49B2B0000F92E = {
						CreatedOnToolsVersion = 11.3.1;
					};
				};
			};
			buildConfigurationList = AB37EC2E23F49B2B0000F92E /* Build configuration list for PBXProject "HHGameKitMacOS" */;
			compatibilityVersion = "Xcode 9.3";
			developmentRegion = en;
			hasScannedForEncodings = 0;
			knownRegions = (
				en,
				Base,
			);
			mainGroup = AB37EC2A23F49B2B0000F92E;
			productRefGroup = AB37EC3423F49B2B0000F92E /* Products */;
			projectDirPath = "";
			projectRoot = "";
			targets = (
				AB37EC3223F49B2B0000F92E /* HHGameKitMacOS */,
			);
		};
/* End PBXProject section */

/* Begin PBXSourcesBuildPhase section */
		AB37EC3023F49B2B0000F92E /* Sources */ = {
			isa = PBXSourcesBuildPhase;
			buildActionMask = 2147483647;
			files = (
				AB43B6AB254C85E3004EE145 /* LocalPlayerListener.mm in Sources */,
				AB43B6AA254C85E3004EE145 /* GKAchievement.mm in Sources */,
				AB43B6B9254C85E3004EE145 /* GKMatchmaker.mm in Sources */,
				AB43B6BD254C85E3004EE145 /* GameKitInitializer.mm in Sources */,
				AB43B68C254C85E3004EE145 /* GKTurnBasedParticipant.mm in Sources */,
				AB43B6BB254C85E3004EE145 /* GKTurnBasedMatchmakerViewController.mm in Sources */,
				AB43B6BC254C85E3004EE145 /* GKTurnBasedMatch.mm in Sources */,
				AB43B698254C85E3004EE145 /* TurnBasedEventListener.mm in Sources */,
				AB43B6A0254C85E3004EE145 /* GKAchievementDescription.mm in Sources */,
				AB43B6A4254C85E3004EE145 /* GKTurnBasedExchangeReply.mm in Sources */,
				AB43B69D254C85E3004EE145 /* MatchDelegate.mm in Sources */,
				AB43B6B5254C85E3004EE145 /* GKAchievementChallenge.mm in Sources */,
				AB43B6AF254C85E3004EE145 /* GKChallenge.mm in Sources */,
				AB43B685254C85E3004EE145 /* GKScore.mm in Sources */,
				AB43B696254C85E3004EE145 /* GKLocalPlayer.mm in Sources */,
				AB43B681254C85E3004EE145 /* GKVoiceChat.mm in Sources */,
				ABDEA9CE2571D17F008EB04E /* GKLeaderboardScore.mm in Sources */,
				AB43B69C254C85E3004EE145 /* ChallengeListener.mm in Sources */,
				AB43B6A2254C85E3004EE145 /* MatchmakerViewControllerDelegate.mm in Sources */,
				ABDEA8A02571C580008EB04E /* GKAccessPoint.mm in Sources */,
				AB43B695254C85E3004EE145 /* GKTurnBasedExchange.mm in Sources */,
				AB43B6AD254C85E3004EE145 /* Converters.m in Sources */,
				AB43B680254C85E3004EE145 /* UIViewController.mm in Sources */,
				AB43B697254C85E3004EE145 /* GKScoreChallenge.mm in Sources */,
				AB43B6C0254C85E3004EE145 /* GKMatchRequest.mm in Sources */,
				AB43B69E254C85E3004EE145 /* GKLeaderboardSet.mm in Sources */,
				AB43B6B3254C85E3004EE145 /* GKLeaderboard.mm in Sources */,
				AB43B6B0254C85E3004EE145 /* GKInvite.mm in Sources */,
				AB43B687254C85E3004EE145 /* GKMatch.mm in Sources */,
				AB43B6A1254C85E3004EE145 /* GKTurnBasedMatchmakerViewControllerDelegate.mm in Sources */,
				AB43B67F254C85E3004EE145 /* NSException.mm in Sources */,
				AB43B6A5254C85E3004EE145 /* GKBasePlayer.mm in Sources */,
				AB43B6AE254C85E3004EE145 /* NSError.mm in Sources */,
				AB43B69F254C85E3004EE145 /* GKPlayer.mm in Sources */,
				AB43B688254C85E3004EE145 /* GKMatchmakerViewController.mm in Sources */,
			);
			runOnlyForDeploymentPostprocessing = 0;
		};
/* End PBXSourcesBuildPhase section */

/* Begin XCBuildConfiguration section */
		AB37EC3A23F49B2B0000F92E /* Debug */ = {
			isa = XCBuildConfiguration;
			buildSettings = {
				ALWAYS_SEARCH_USER_PATHS = NO;
				CLANG_ANALYZER_NONNULL = YES;
				CLANG_ANALYZER_NUMBER_OBJECT_CONVERSION = YES_AGGRESSIVE;
				CLANG_CXX_LANGUAGE_STANDARD = "gnu++14";
				CLANG_CXX_LIBRARY = "libc++";
				CLANG_ENABLE_MODULES = YES;
				CLANG_ENABLE_OBJC_ARC = YES;
				CLANG_ENABLE_OBJC_WEAK = YES;
				CLANG_WARN_BLOCK_CAPTURE_AUTORELEASING = YES;
				CLANG_WARN_BOOL_CONVERSION = YES;
				CLANG_WARN_COMMA = YES;
				CLANG_WARN_CONSTANT_CONVERSION = YES;
				CLANG_WARN_DEPRECATED_OBJC_IMPLEMENTATIONS = YES;
				CLANG_WARN_DIRECT_OBJC_ISA_USAGE = YES_ERROR;
				CLANG_WARN_DOCUMENTATION_COMMENTS = YES;
				CLANG_WARN_EMPTY_BODY = YES;
				CLANG_WARN_ENUM_CONVERSION = YES;
				CLANG_WARN_INFINITE_RECURSION = YES;
				CLANG_WARN_INT_CONVERSION = YES;
				CLANG_WARN_NON_LITERAL_NULL_CONVERSION = YES;
				CLANG_WARN_OBJC_IMPLICIT_RETAIN_SELF = YES;
				CLANG_WARN_OBJC_LITERAL_CONVERSION = YES;
				CLANG_WARN_OBJC_ROOT_CLASS = YES_ERROR;
				CLANG_WARN_RANGE_LOOP_ANALYSIS = YES;
				CLANG_WARN_STRICT_PROTOTYPES = YES;
				CLANG_WARN_SUSPICIOUS_MOVE = YES;
				CLANG_WARN_UNGUARDED_AVAILABILITY = YES_AGGRESSIVE;
				CLANG_WARN_UNREACHABLE_CODE = YES;
				CLANG_WARN__DUPLICATE_METHOD_MATCH = YES;
				COPY_PHASE_STRIP = NO;
				DEBUG_INFORMATION_FORMAT = dwarf;
				ENABLE_STRICT_OBJC_MSGSEND = YES;
				ENABLE_TESTABILITY = YES;
				GCC_C_LANGUAGE_STANDARD = gnu11;
				GCC_DYNAMIC_NO_PIC = NO;
				GCC_NO_COMMON_BLOCKS = YES;
				GCC_OPTIMIZATION_LEVEL = 0;
				GCC_PREPROCESSOR_DEFINITIONS = (
					"DEBUG=1",
					"$(inherited)",
				);
				GCC_WARN_64_TO_32_BIT_CONVERSION = YES;
				GCC_WARN_ABOUT_RETURN_TYPE = YES_ERROR;
				GCC_WARN_UNDECLARED_SELECTOR = YES;
				GCC_WARN_UNINITIALIZED_AUTOS = YES_AGGRESSIVE;
				GCC_WARN_UNUSED_FUNCTION = YES;
				GCC_WARN_UNUSED_VARIABLE = YES;
				MACOSX_DEPLOYMENT_TARGET = 11.0;
				MTL_ENABLE_DEBUG_INFO = INCLUDE_SOURCE;
				MTL_FAST_MATH = YES;
				ONLY_ACTIVE_ARCH = YES;
				SDKROOT = macosx;
			};
			name = Debug;
		};
		AB37EC3B23F49B2B0000F92E /* Release */ = {
			isa = XCBuildConfiguration;
			buildSettings = {
				ALWAYS_SEARCH_USER_PATHS = NO;
				CLANG_ANALYZER_NONNULL = YES;
				CLANG_ANALYZER_NUMBER_OBJECT_CONVERSION = YES_AGGRESSIVE;
				CLANG_CXX_LANGUAGE_STANDARD = "gnu++14";
				CLANG_CXX_LIBRARY = "libc++";
				CLANG_ENABLE_MODULES = YES;
				CLANG_ENABLE_OBJC_ARC = YES;
				CLANG_ENABLE_OBJC_WEAK = YES;
				CLANG_WARN_BLOCK_CAPTURE_AUTORELEASING = YES;
				CLANG_WARN_BOOL_CONVERSION = YES;
				CLANG_WARN_COMMA = YES;
				CLANG_WARN_CONSTANT_CONVERSION = YES;
				CLANG_WARN_DEPRECATED_OBJC_IMPLEMENTATIONS = YES;
				CLANG_WARN_DIRECT_OBJC_ISA_USAGE = YES_ERROR;
				CLANG_WARN_DOCUMENTATION_COMMENTS = YES;
				CLANG_WARN_EMPTY_BODY = YES;
				CLANG_WARN_ENUM_CONVERSION = YES;
				CLANG_WARN_INFINITE_RECURSION = YES;
				CLANG_WARN_INT_CONVERSION = YES;
				CLANG_WARN_NON_LITERAL_NULL_CONVERSION = YES;
				CLANG_WARN_OBJC_IMPLICIT_RETAIN_SELF = YES;
				CLANG_WARN_OBJC_LITERAL_CONVERSION = YES;
				CLANG_WARN_OBJC_ROOT_CLASS = YES_ERROR;
				CLANG_WARN_RANGE_LOOP_ANALYSIS = YES;
				CLANG_WARN_STRICT_PROTOTYPES = YES;
				CLANG_WARN_SUSPICIOUS_MOVE = YES;
				CLANG_WARN_UNGUARDED_AVAILABILITY = YES_AGGRESSIVE;
				CLANG_WARN_UNREACHABLE_CODE = YES;
				CLANG_WARN__DUPLICATE_METHOD_MATCH = YES;
				COPY_PHASE_STRIP = NO;
				DEBUG_INFORMATION_FORMAT = "dwarf-with-dsym";
				ENABLE_NS_ASSERTIONS = NO;
				ENABLE_STRICT_OBJC_MSGSEND = YES;
				GCC_C_LANGUAGE_STANDARD = gnu11;
				GCC_NO_COMMON_BLOCKS = YES;
				GCC_WARN_64_TO_32_BIT_CONVERSION = YES;
				GCC_WARN_ABOUT_RETURN_TYPE = YES_ERROR;
				GCC_WARN_UNDECLARED_SELECTOR = YES;
				GCC_WARN_UNINITIALIZED_AUTOS = YES_AGGRESSIVE;
				GCC_WARN_UNUSED_FUNCTION = YES;
				GCC_WARN_UNUSED_VARIABLE = YES;
				MACOSX_DEPLOYMENT_TARGET = 11.0;
				MTL_ENABLE_DEBUG_INFO = NO;
				MTL_FAST_MATH = YES;
				SDKROOT = macosx;
			};
			name = Release;
		};
		AB37EC3D23F49B2B0000F92E /* Debug */ = {
			isa = XCBuildConfiguration;
			buildSettings = {
				CODE_SIGN_STYLE = Automatic;
				DEVELOPMENT_TEAM = DCQFJ2K8S3;
				DYLIB_COMPATIBILITY_VERSION = 1;
				DYLIB_CURRENT_VERSION = 1;
				EXECUTABLE_PREFIX = lib;
				ONLY_ACTIVE_ARCH = NO;
				"OTHER_CFLAGS[arch=*]" = "-fembed-bitcode";
				PRODUCT_NAME = "$(TARGET_NAME)";
				SKIP_INSTALL = YES;
			};
			name = Debug;
		};
		AB37EC3E23F49B2B0000F92E /* Release */ = {
			isa = XCBuildConfiguration;
			buildSettings = {
				CODE_SIGN_STYLE = Automatic;
				DEVELOPMENT_TEAM = DCQFJ2K8S3;
				DYLIB_COMPATIBILITY_VERSION = 1;
				DYLIB_CURRENT_VERSION = 1;
				EXECUTABLE_PREFIX = lib;
				"OTHER_CFLAGS[arch=*]" = "-fembed-bitcode";
				PRODUCT_NAME = "$(TARGET_NAME)";
				SKIP_INSTALL = YES;
			};
			name = Release;
		};
/* End XCBuildConfiguration section */

/* Begin XCConfigurationList section */
		AB37EC2E23F49B2B0000F92E /* Build configuration list for PBXProject "HHGameKitMacOS" */ = {
			isa = XCConfigurationList;
			buildConfigurations = (
				AB37EC3A23F49B2B0000F92E /* Debug */,
				AB37EC3B23F49B2B0000F92E /* Release */,
			);
			defaultConfigurationIsVisible = 0;
			defaultConfigurationName = Release;
		};
		AB37EC3C23F49B2B0000F92E /* Build configuration list for PBXNativeTarget "HHGameKitMacOS" */ = {
			isa = XCConfigurationList;
			buildConfigurations = (
				AB37EC3D23F49B2B0000F92E /* Debug */,
				AB37EC3E23F49B2B0000F92E /* Release */,
			);
			defaultConfigurationIsVisible = 0;
			defaultConfigurationName = Release;
		};
/* End XCConfigurationList section */
	};
	rootObject = AB37EC2B23F49B2B0000F92E /* Project object */;
}
