// !$*UTF8*$!
{
	archiveVersion = 1;
	classes = {
	};
	objectVersion = 52;
	objects = {

/* Begin PBXBuildFile section */
		AB37EDE223F4AAB40000F92E /* libHHGameKit.a in CopyFiles */ = {isa = PBXBuildFile; fileRef = AB37EC4823F49B440000F92E /* libHHGameKit.a */; platformFilter = ios; };
		AB65F3BF25B7DBE5000E7C51 /* UIImage.mm in Sources */ = {isa = PBXBuildFile; fileRef = AB65F3BD25B7DBE4000E7C51 /* UIImage.mm */; };
		AB65F3C025B7DBE5000E7C51 /* UIImage.h in Headers */ = {isa = PBXBuildFile; fileRef = AB65F3BE25B7DBE4000E7C51 /* UIImage.h */; };
		AB76D76225C4B15100247DCD /* GKViewController.mm in Sources */ = {isa = PBXBuildFile; fileRef = AB76D76025C4B15000247DCD /* GKViewController.mm */; };
		AB76D76325C4B15100247DCD /* GKViewController.h in Headers */ = {isa = PBXBuildFile; fileRef = AB76D76125C4B15000247DCD /* GKViewController.h */; };
		AB76D77725C4BF4200247DCD /* GKGameCenterControllerDelegate.mm in Sources */ = {isa = PBXBuildFile; fileRef = AB76D77325C4BF4200247DCD /* GKGameCenterControllerDelegate.mm */; };
		AB76D77825C4BF4200247DCD /* GKGameCenterViewController.h in Headers */ = {isa = PBXBuildFile; fileRef = AB76D77425C4BF4200247DCD /* GKGameCenterViewController.h */; };
		AB76D77925C4BF4200247DCD /* GKGameCenterControllerDelegate.h in Headers */ = {isa = PBXBuildFile; fileRef = AB76D77525C4BF4200247DCD /* GKGameCenterControllerDelegate.h */; };
		AB76D77A25C4BF4200247DCD /* GKGameCenterViewController.mm in Sources */ = {isa = PBXBuildFile; fileRef = AB76D77625C4BF4200247DCD /* GKGameCenterViewController.mm */; };
		AB81C33F248D42F70003242F /* UIKit.framework in Frameworks */ = {isa = PBXBuildFile; fileRef = AB81C33D248D42AB0003242F /* UIKit.framework */; };
		ABA35142251905CC00BC964C /* GameKit.framework in Frameworks */ = {isa = PBXBuildFile; fileRef = ABA351402519059500BC964C /* GameKit.framework */; };
		ABAE501F25A7CD7100F51AF2 /* GKNotificationBanner.mm in Sources */ = {isa = PBXBuildFile; fileRef = ABAE501D25A7CD7100F51AF2 /* GKNotificationBanner.mm */; };
		ABAE502025A7CD7100F51AF2 /* GKNotificationBanner.h in Headers */ = {isa = PBXBuildFile; fileRef = ABAE501E25A7CD7100F51AF2 /* GKNotificationBanner.h */; };
		ABDEA8EC2571C594008EB04E /* GKTurnBasedExchangeReply.h in Headers */ = {isa = PBXBuildFile; fileRef = ABDEA8A32571C593008EB04E /* GKTurnBasedExchangeReply.h */; };
		ABDEA8ED2571C594008EB04E /* NSException.mm in Sources */ = {isa = PBXBuildFile; fileRef = ABDEA8A42571C593008EB04E /* NSException.mm */; };
		ABDEA8EF2571C594008EB04E /* GKVoiceChat.mm in Sources */ = {isa = PBXBuildFile; fileRef = ABDEA8A62571C593008EB04E /* GKVoiceChat.mm */; };
		ABDEA8F02571C594008EB04E /* GKChallenge.h in Headers */ = {isa = PBXBuildFile; fileRef = ABDEA8A72571C593008EB04E /* GKChallenge.h */; };
		ABDEA8F12571C594008EB04E /* GKBasePlayer.h in Headers */ = {isa = PBXBuildFile; fileRef = ABDEA8A82571C593008EB04E /* GKBasePlayer.h */; };
		ABDEA8F22571C594008EB04E /* GKInvite.h in Headers */ = {isa = PBXBuildFile; fileRef = ABDEA8A92571C593008EB04E /* GKInvite.h */; };
		ABDEA8F32571C594008EB04E /* GKScore.mm in Sources */ = {isa = PBXBuildFile; fileRef = ABDEA8AA2571C593008EB04E /* GKScore.mm */; };
		ABDEA8F42571C594008EB04E /* NSException.h in Headers */ = {isa = PBXBuildFile; fileRef = ABDEA8AB2571C593008EB04E /* NSException.h */; };
		ABDEA8F52571C594008EB04E /* GKMatch.mm in Sources */ = {isa = PBXBuildFile; fileRef = ABDEA8AC2571C593008EB04E /* GKMatch.mm */; };
		ABDEA8F62571C594008EB04E /* GKMatchmakerViewController.mm in Sources */ = {isa = PBXBuildFile; fileRef = ABDEA8AD2571C593008EB04E /* GKMatchmakerViewController.mm */; };
		ABDEA8F72571C594008EB04E /* TurnBasedEventListener.h in Headers */ = {isa = PBXBuildFile; fileRef = ABDEA8AE2571C593008EB04E /* TurnBasedEventListener.h */; };
		ABDEA8F82571C594008EB04E /* Converters.h in Headers */ = {isa = PBXBuildFile; fileRef = ABDEA8AF2571C593008EB04E /* Converters.h */; };
		ABDEA8F92571C594008EB04E /* GKPlayer.h in Headers */ = {isa = PBXBuildFile; fileRef = ABDEA8B02571C593008EB04E /* GKPlayer.h */; };
		ABDEA8FA2571C594008EB04E /* GKTurnBasedParticipant.mm in Sources */ = {isa = PBXBuildFile; fileRef = ABDEA8B12571C593008EB04E /* GKTurnBasedParticipant.mm */; };
		ABDEA8FB2571C594008EB04E /* GKScoreChallenge.h in Headers */ = {isa = PBXBuildFile; fileRef = ABDEA8B22571C593008EB04E /* GKScoreChallenge.h */; };
		ABDEA8FC2571C594008EB04E /* GKSavedGame.mm in Sources */ = {isa = PBXBuildFile; fileRef = ABDEA8B32571C593008EB04E /* GKSavedGame.mm */; };
		ABDEA8FD2571C594008EB04E /* GKMatch.h in Headers */ = {isa = PBXBuildFile; fileRef = ABDEA8B42571C593008EB04E /* GKMatch.h */; };
		ABDEA8FE2571C594008EB04E /* GKTurnBasedMatch.h in Headers */ = {isa = PBXBuildFile; fileRef = ABDEA8B52571C593008EB04E /* GKTurnBasedMatch.h */; };
		ABDEA8FF2571C594008EB04E /* ChallengeListener.h in Headers */ = {isa = PBXBuildFile; fileRef = ABDEA8B62571C593008EB04E /* ChallengeListener.h */; };
		ABDEA9002571C594008EB04E /* GKLeaderboard.h in Headers */ = {isa = PBXBuildFile; fileRef = ABDEA8B72571C593008EB04E /* GKLeaderboard.h */; };
		ABDEA9012571C594008EB04E /* Callbacks.h in Headers */ = {isa = PBXBuildFile; fileRef = ABDEA8B82571C593008EB04E /* Callbacks.h */; };
		ABDEA9022571C594008EB04E /* MatchmakerViewControllerDelegate.h in Headers */ = {isa = PBXBuildFile; fileRef = ABDEA8B92571C593008EB04E /* MatchmakerViewControllerDelegate.h */; };
		ABDEA9032571C594008EB04E /* GKLeaderboardSet.h in Headers */ = {isa = PBXBuildFile; fileRef = ABDEA8BA2571C593008EB04E /* GKLeaderboardSet.h */; };
		ABDEA9042571C594008EB04E /* GKTurnBasedExchange.mm in Sources */ = {isa = PBXBuildFile; fileRef = ABDEA8BB2571C593008EB04E /* GKTurnBasedExchange.mm */; };
		ABDEA9052571C594008EB04E /* GKLocalPlayer.mm in Sources */ = {isa = PBXBuildFile; fileRef = ABDEA8BC2571C593008EB04E /* GKLocalPlayer.mm */; };
		ABDEA9062571C594008EB04E /* GKScoreChallenge.mm in Sources */ = {isa = PBXBuildFile; fileRef = ABDEA8BD2571C593008EB04E /* GKScoreChallenge.mm */; };
		ABDEA9072571C594008EB04E /* TurnBasedEventListener.mm in Sources */ = {isa = PBXBuildFile; fileRef = ABDEA8BE2571C593008EB04E /* TurnBasedEventListener.mm */; };
		ABDEA9082571C594008EB04E /* MatchDelegate.h in Headers */ = {isa = PBXBuildFile; fileRef = ABDEA8BF2571C593008EB04E /* MatchDelegate.h */; };
		ABDEA9092571C594008EB04E /* GKAchievementChallenge.h in Headers */ = {isa = PBXBuildFile; fileRef = ABDEA8C02571C593008EB04E /* GKAchievementChallenge.h */; };
		ABDEA90A2571C594008EB04E /* GKLeaderboardEntry.h in Headers */ = {isa = PBXBuildFile; fileRef = ABDEA8C12571C593008EB04E /* GKLeaderboardEntry.h */; };
		ABDEA90C2571C594008EB04E /* ChallengeListener.mm in Sources */ = {isa = PBXBuildFile; fileRef = ABDEA8C32571C593008EB04E /* ChallengeListener.mm */; };
		ABDEA90D2571C594008EB04E /* MatchDelegate.mm in Sources */ = {isa = PBXBuildFile; fileRef = ABDEA8C42571C593008EB04E /* MatchDelegate.mm */; };
		ABDEA90E2571C594008EB04E /* GKLeaderboardSet.mm in Sources */ = {isa = PBXBuildFile; fileRef = ABDEA8C52571C593008EB04E /* GKLeaderboardSet.mm */; };
		ABDEA90F2571C594008EB04E /* GKPlayer.mm in Sources */ = {isa = PBXBuildFile; fileRef = ABDEA8C62571C593008EB04E /* GKPlayer.mm */; };
		ABDEA9102571C594008EB04E /* GKSavedGame.h in Headers */ = {isa = PBXBuildFile; fileRef = ABDEA8C72571C593008EB04E /* GKSavedGame.h */; };
		ABDEA9112571C594008EB04E /* GKAchievementDescription.mm in Sources */ = {isa = PBXBuildFile; fileRef = ABDEA8C82571C593008EB04E /* GKAchievementDescription.mm */; };
		ABDEA9122571C594008EB04E /* GKTurnBasedMatchmakerViewControllerDelegate.mm in Sources */ = {isa = PBXBuildFile; fileRef = ABDEA8C92571C593008EB04E /* GKTurnBasedMatchmakerViewControllerDelegate.mm */; };
		ABDEA9132571C594008EB04E /* MatchmakerViewControllerDelegate.mm in Sources */ = {isa = PBXBuildFile; fileRef = ABDEA8CA2571C593008EB04E /* MatchmakerViewControllerDelegate.mm */; };
		ABDEA9142571C594008EB04E /* LocalPlayerListener.h in Headers */ = {isa = PBXBuildFile; fileRef = ABDEA8CB2571C593008EB04E /* LocalPlayerListener.h */; };
		ABDEA9152571C594008EB04E /* GKTurnBasedExchangeReply.mm in Sources */ = {isa = PBXBuildFile; fileRef = ABDEA8CC2571C593008EB04E /* GKTurnBasedExchangeReply.mm */; };
		ABDEA9162571C594008EB04E /* GKBasePlayer.mm in Sources */ = {isa = PBXBuildFile; fileRef = ABDEA8CD2571C593008EB04E /* GKBasePlayer.mm */; };
		ABDEA9172571C594008EB04E /* GKTurnBasedExchange.h in Headers */ = {isa = PBXBuildFile; fileRef = ABDEA8CE2571C593008EB04E /* GKTurnBasedExchange.h */; };
		ABDEA9182571C594008EB04E /* GKAchievement.h in Headers */ = {isa = PBXBuildFile; fileRef = ABDEA8CF2571C593008EB04E /* GKAchievement.h */; };
		ABDEA9192571C594008EB04E /* GKTurnBasedMatchmakerViewControllerDelegate.h in Headers */ = {isa = PBXBuildFile; fileRef = ABDEA8D02571C593008EB04E /* GKTurnBasedMatchmakerViewControllerDelegate.h */; };
		ABDEA91A2571C594008EB04E /* GKTurnBasedMatchmakerViewController.h in Headers */ = {isa = PBXBuildFile; fileRef = ABDEA8D12571C593008EB04E /* GKTurnBasedMatchmakerViewController.h */; };
		ABDEA91B2571C594008EB04E /* GKAchievement.mm in Sources */ = {isa = PBXBuildFile; fileRef = ABDEA8D22571C593008EB04E /* GKAchievement.mm */; };
		ABDEA91C2571C594008EB04E /* LocalPlayerListener.mm in Sources */ = {isa = PBXBuildFile; fileRef = ABDEA8D32571C593008EB04E /* LocalPlayerListener.mm */; };
		ABDEA91D2571C594008EB04E /* GKAccessPoint.h in Headers */ = {isa = PBXBuildFile; fileRef = ABDEA8D42571C593008EB04E /* GKAccessPoint.h */; };
		ABDEA91E2571C594008EB04E /* GKVoiceChat.h in Headers */ = {isa = PBXBuildFile; fileRef = ABDEA8D52571C593008EB04E /* GKVoiceChat.h */; };
		ABDEA91F2571C594008EB04E /* Converters.m in Sources */ = {isa = PBXBuildFile; fileRef = ABDEA8D62571C593008EB04E /* Converters.m */; };
		ABDEA9202571C594008EB04E /* NSError.mm in Sources */ = {isa = PBXBuildFile; fileRef = ABDEA8D72571C593008EB04E /* NSError.mm */; };
		ABDEA9212571C594008EB04E /* GKChallenge.mm in Sources */ = {isa = PBXBuildFile; fileRef = ABDEA8D82571C593008EB04E /* GKChallenge.mm */; };
		ABDEA9222571C594008EB04E /* GKInvite.mm in Sources */ = {isa = PBXBuildFile; fileRef = ABDEA8D92571C593008EB04E /* GKInvite.mm */; };
		ABDEA9232571C594008EB04E /* GameKitInitializer.h in Headers */ = {isa = PBXBuildFile; fileRef = ABDEA8DA2571C593008EB04E /* GameKitInitializer.h */; };
		ABDEA9242571C594008EB04E /* GKAccessPoint.mm in Sources */ = {isa = PBXBuildFile; fileRef = ABDEA8DB2571C593008EB04E /* GKAccessPoint.mm */; };
		ABDEA9252571C594008EB04E /* NSError.h in Headers */ = {isa = PBXBuildFile; fileRef = ABDEA8DC2571C593008EB04E /* NSError.h */; };
		ABDEA9262571C594008EB04E /* GKLeaderboard.mm in Sources */ = {isa = PBXBuildFile; fileRef = ABDEA8DD2571C593008EB04E /* GKLeaderboard.mm */; };
		ABDEA9272571C594008EB04E /* GKLeaderboardEntry.mm in Sources */ = {isa = PBXBuildFile; fileRef = ABDEA8DE2571C593008EB04E /* GKLeaderboardEntry.mm */; };
		ABDEA9282571C594008EB04E /* GKAchievementDescription.h in Headers */ = {isa = PBXBuildFile; fileRef = ABDEA8DF2571C593008EB04E /* GKAchievementDescription.h */; };
		ABDEA9292571C594008EB04E /* GKAchievementChallenge.mm in Sources */ = {isa = PBXBuildFile; fileRef = ABDEA8E02571C593008EB04E /* GKAchievementChallenge.mm */; };
		ABDEA92A2571C594008EB04E /* GKLocalPlayer.h in Headers */ = {isa = PBXBuildFile; fileRef = ABDEA8E12571C593008EB04E /* GKLocalPlayer.h */; };
		ABDEA92B2571C594008EB04E /* GKTurnBasedParticipant.h in Headers */ = {isa = PBXBuildFile; fileRef = ABDEA8E22571C593008EB04E /* GKTurnBasedParticipant.h */; };
		ABDEA92C2571C594008EB04E /* GKMatchmakerViewController.h in Headers */ = {isa = PBXBuildFile; fileRef = ABDEA8E32571C593008EB04E /* GKMatchmakerViewController.h */; };
		ABDEA92D2571C594008EB04E /* GKMatchmaker.mm in Sources */ = {isa = PBXBuildFile; fileRef = ABDEA8E42571C593008EB04E /* GKMatchmaker.mm */; };
		ABDEA92E2571C594008EB04E /* GKScore.h in Headers */ = {isa = PBXBuildFile; fileRef = ABDEA8E52571C593008EB04E /* GKScore.h */; };
		ABDEA92F2571C594008EB04E /* GKTurnBasedMatchmakerViewController.mm in Sources */ = {isa = PBXBuildFile; fileRef = ABDEA8E62571C593008EB04E /* GKTurnBasedMatchmakerViewController.mm */; };
		ABDEA9302571C594008EB04E /* GKTurnBasedMatch.mm in Sources */ = {isa = PBXBuildFile; fileRef = ABDEA8E72571C593008EB04E /* GKTurnBasedMatch.mm */; };
		ABDEA9312571C594008EB04E /* GameKitInitializer.mm in Sources */ = {isa = PBXBuildFile; fileRef = ABDEA8E82571C593008EB04E /* GameKitInitializer.mm */; };
		ABDEA9322571C594008EB04E /* GKMatchmaker.h in Headers */ = {isa = PBXBuildFile; fileRef = ABDEA8E92571C593008EB04E /* GKMatchmaker.h */; };
		ABDEA9332571C594008EB04E /* GKMatchRequest.h in Headers */ = {isa = PBXBuildFile; fileRef = ABDEA8EA2571C594008EB04E /* GKMatchRequest.h */; };
		ABDEA9342571C594008EB04E /* GKMatchRequest.mm in Sources */ = {isa = PBXBuildFile; fileRef = ABDEA8EB2571C594008EB04E /* GKMatchRequest.mm */; };
		ABDEA9D12571D188008EB04E /* GKLeaderboardScore.h in Headers */ = {isa = PBXBuildFile; fileRef = ABDEA9CF2571D187008EB04E /* GKLeaderboardScore.h */; };
		ABDEA9D22571D188008EB04E /* GKLeaderboardScore.mm in Sources */ = {isa = PBXBuildFile; fileRef = ABDEA9D02571D187008EB04E /* GKLeaderboardScore.mm */; };
/* End PBXBuildFile section */

/* Begin PBXCopyFilesBuildPhase section */
		AB37EDDF23F4A8950000F92E /* CopyFiles */ = {
			isa = PBXCopyFilesBuildPhase;
			buildActionMask = 2147483647;
			dstPath = /Users/jonathan/Development/GameKitPlugin/GameKitPlugin/UnityGameKitPlugin/Packages/GameKit/Runtime/bin/iOS;
			dstSubfolderSpec = 0;
			files = (
				AB37EDE223F4AAB40000F92E /* libHHGameKit.a in CopyFiles */,
			);
			runOnlyForDeploymentPostprocessing = 0;
		};
/* End PBXCopyFilesBuildPhase section */

/* Begin PBXFileReference section */
		AB37EC4823F49B440000F92E /* libHHGameKit.a */ = {isa = PBXFileReference; explicitFileType = archive.ar; includeInIndex = 0; path = libHHGameKit.a; sourceTree = BUILT_PRODUCTS_DIR; };
		AB65F3BD25B7DBE4000E7C51 /* UIImage.mm */ = {isa = PBXFileReference; fileEncoding = 4; lastKnownFileType = sourcecode.cpp.objcpp; path = UIImage.mm; sourceTree = "<group>"; };
		AB65F3BE25B7DBE4000E7C51 /* UIImage.h */ = {isa = PBXFileReference; fileEncoding = 4; lastKnownFileType = sourcecode.c.h; path = UIImage.h; sourceTree = "<group>"; };
		AB76D76025C4B15000247DCD /* GKViewController.mm */ = {isa = PBXFileReference; fileEncoding = 4; lastKnownFileType = sourcecode.cpp.objcpp; path = GKViewController.mm; sourceTree = "<group>"; };
		AB76D76125C4B15000247DCD /* GKViewController.h */ = {isa = PBXFileReference; fileEncoding = 4; lastKnownFileType = sourcecode.c.h; path = GKViewController.h; sourceTree = "<group>"; };
		AB76D77325C4BF4200247DCD /* GKGameCenterControllerDelegate.mm */ = {isa = PBXFileReference; fileEncoding = 4; lastKnownFileType = sourcecode.cpp.objcpp; path = GKGameCenterControllerDelegate.mm; sourceTree = "<group>"; };
		AB76D77425C4BF4200247DCD /* GKGameCenterViewController.h */ = {isa = PBXFileReference; fileEncoding = 4; lastKnownFileType = sourcecode.c.h; path = GKGameCenterViewController.h; sourceTree = "<group>"; };
		AB76D77525C4BF4200247DCD /* GKGameCenterControllerDelegate.h */ = {isa = PBXFileReference; fileEncoding = 4; lastKnownFileType = sourcecode.c.h; path = GKGameCenterControllerDelegate.h; sourceTree = "<group>"; };
		AB76D77625C4BF4200247DCD /* GKGameCenterViewController.mm */ = {isa = PBXFileReference; fileEncoding = 4; lastKnownFileType = sourcecode.cpp.objcpp; path = GKGameCenterViewController.mm; sourceTree = "<group>"; };
		AB81C33D248D42AB0003242F /* UIKit.framework */ = {isa = PBXFileReference; lastKnownFileType = wrapper.framework; name = UIKit.framework; path = Platforms/iPhoneOS.platform/Developer/SDKs/iPhoneOS13.5.sdk/System/Library/Frameworks/UIKit.framework; sourceTree = DEVELOPER_DIR; };
		ABA351402519059500BC964C /* GameKit.framework */ = {isa = PBXFileReference; lastKnownFileType = wrapper.framework; name = GameKit.framework; path = System/Library/Frameworks/GameKit.framework; sourceTree = SDKROOT; };
		ABAE501D25A7CD7100F51AF2 /* GKNotificationBanner.mm */ = {isa = PBXFileReference; fileEncoding = 4; lastKnownFileType = sourcecode.cpp.objcpp; path = GKNotificationBanner.mm; sourceTree = "<group>"; };
		ABAE501E25A7CD7100F51AF2 /* GKNotificationBanner.h */ = {isa = PBXFileReference; fileEncoding = 4; lastKnownFileType = sourcecode.c.h; path = GKNotificationBanner.h; sourceTree = "<group>"; };
		ABDEA8A32571C593008EB04E /* GKTurnBasedExchangeReply.h */ = {isa = PBXFileReference; fileEncoding = 4; lastKnownFileType = sourcecode.c.h; path = GKTurnBasedExchangeReply.h; sourceTree = "<group>"; };
		ABDEA8A42571C593008EB04E /* NSException.mm */ = {isa = PBXFileReference; fileEncoding = 4; lastKnownFileType = sourcecode.cpp.objcpp; path = NSException.mm; sourceTree = "<group>"; };
		ABDEA8A62571C593008EB04E /* GKVoiceChat.mm */ = {isa = PBXFileReference; fileEncoding = 4; lastKnownFileType = sourcecode.cpp.objcpp; path = GKVoiceChat.mm; sourceTree = "<group>"; };
		ABDEA8A72571C593008EB04E /* GKChallenge.h */ = {isa = PBXFileReference; fileEncoding = 4; lastKnownFileType = sourcecode.c.h; path = GKChallenge.h; sourceTree = "<group>"; };
		ABDEA8A82571C593008EB04E /* GKBasePlayer.h */ = {isa = PBXFileReference; fileEncoding = 4; lastKnownFileType = sourcecode.c.h; path = GKBasePlayer.h; sourceTree = "<group>"; };
		ABDEA8A92571C593008EB04E /* GKInvite.h */ = {isa = PBXFileReference; fileEncoding = 4; lastKnownFileType = sourcecode.c.h; path = GKInvite.h; sourceTree = "<group>"; };
		ABDEA8AA2571C593008EB04E /* GKScore.mm */ = {isa = PBXFileReference; fileEncoding = 4; lastKnownFileType = sourcecode.cpp.objcpp; path = GKScore.mm; sourceTree = "<group>"; };
		ABDEA8AB2571C593008EB04E /* NSException.h */ = {isa = PBXFileReference; fileEncoding = 4; lastKnownFileType = sourcecode.c.h; path = NSException.h; sourceTree = "<group>"; };
		ABDEA8AC2571C593008EB04E /* GKMatch.mm */ = {isa = PBXFileReference; fileEncoding = 4; lastKnownFileType = sourcecode.cpp.objcpp; path = GKMatch.mm; sourceTree = "<group>"; };
		ABDEA8AD2571C593008EB04E /* GKMatchmakerViewController.mm */ = {isa = PBXFileReference; fileEncoding = 4; lastKnownFileType = sourcecode.cpp.objcpp; path = GKMatchmakerViewController.mm; sourceTree = "<group>"; };
		ABDEA8AE2571C593008EB04E /* TurnBasedEventListener.h */ = {isa = PBXFileReference; fileEncoding = 4; lastKnownFileType = sourcecode.c.h; path = TurnBasedEventListener.h; sourceTree = "<group>"; };
		ABDEA8AF2571C593008EB04E /* Converters.h */ = {isa = PBXFileReference; fileEncoding = 4; lastKnownFileType = sourcecode.c.h; path = Converters.h; sourceTree = "<group>"; };
		ABDEA8B02571C593008EB04E /* GKPlayer.h */ = {isa = PBXFileReference; fileEncoding = 4; lastKnownFileType = sourcecode.c.h; path = GKPlayer.h; sourceTree = "<group>"; };
		ABDEA8B12571C593008EB04E /* GKTurnBasedParticipant.mm */ = {isa = PBXFileReference; fileEncoding = 4; lastKnownFileType = sourcecode.cpp.objcpp; path = GKTurnBasedParticipant.mm; sourceTree = "<group>"; };
		ABDEA8B22571C593008EB04E /* GKScoreChallenge.h */ = {isa = PBXFileReference; fileEncoding = 4; lastKnownFileType = sourcecode.c.h; path = GKScoreChallenge.h; sourceTree = "<group>"; };
		ABDEA8B32571C593008EB04E /* GKSavedGame.mm */ = {isa = PBXFileReference; fileEncoding = 4; lastKnownFileType = sourcecode.cpp.objcpp; path = GKSavedGame.mm; sourceTree = "<group>"; };
		ABDEA8B42571C593008EB04E /* GKMatch.h */ = {isa = PBXFileReference; fileEncoding = 4; lastKnownFileType = sourcecode.c.h; path = GKMatch.h; sourceTree = "<group>"; };
		ABDEA8B52571C593008EB04E /* GKTurnBasedMatch.h */ = {isa = PBXFileReference; fileEncoding = 4; lastKnownFileType = sourcecode.c.h; path = GKTurnBasedMatch.h; sourceTree = "<group>"; };
		ABDEA8B62571C593008EB04E /* ChallengeListener.h */ = {isa = PBXFileReference; fileEncoding = 4; lastKnownFileType = sourcecode.c.h; path = ChallengeListener.h; sourceTree = "<group>"; };
		ABDEA8B72571C593008EB04E /* GKLeaderboard.h */ = {isa = PBXFileReference; fileEncoding = 4; lastKnownFileType = sourcecode.c.h; path = GKLeaderboard.h; sourceTree = "<group>"; };
		ABDEA8B82571C593008EB04E /* Callbacks.h */ = {isa = PBXFileReference; fileEncoding = 4; lastKnownFileType = sourcecode.c.h; path = Callbacks.h; sourceTree = "<group>"; };
		ABDEA8B92571C593008EB04E /* MatchmakerViewControllerDelegate.h */ = {isa = PBXFileReference; fileEncoding = 4; lastKnownFileType = sourcecode.c.h; path = MatchmakerViewControllerDelegate.h; sourceTree = "<group>"; };
		ABDEA8BA2571C593008EB04E /* GKLeaderboardSet.h */ = {isa = PBXFileReference; fileEncoding = 4; lastKnownFileType = sourcecode.c.h; path = GKLeaderboardSet.h; sourceTree = "<group>"; };
		ABDEA8BB2571C593008EB04E /* GKTurnBasedExchange.mm */ = {isa = PBXFileReference; fileEncoding = 4; lastKnownFileType = sourcecode.cpp.objcpp; path = GKTurnBasedExchange.mm; sourceTree = "<group>"; };
		ABDEA8BC2571C593008EB04E /* GKLocalPlayer.mm */ = {isa = PBXFileReference; fileEncoding = 4; lastKnownFileType = sourcecode.cpp.objcpp; path = GKLocalPlayer.mm; sourceTree = "<group>"; };
		ABDEA8BD2571C593008EB04E /* GKScoreChallenge.mm */ = {isa = PBXFileReference; fileEncoding = 4; lastKnownFileType = sourcecode.cpp.objcpp; path = GKScoreChallenge.mm; sourceTree = "<group>"; };
		ABDEA8BE2571C593008EB04E /* TurnBasedEventListener.mm */ = {isa = PBXFileReference; fileEncoding = 4; lastKnownFileType = sourcecode.cpp.objcpp; path = TurnBasedEventListener.mm; sourceTree = "<group>"; };
		ABDEA8BF2571C593008EB04E /* MatchDelegate.h */ = {isa = PBXFileReference; fileEncoding = 4; lastKnownFileType = sourcecode.c.h; path = MatchDelegate.h; sourceTree = "<group>"; };
		ABDEA8C02571C593008EB04E /* GKAchievementChallenge.h */ = {isa = PBXFileReference; fileEncoding = 4; lastKnownFileType = sourcecode.c.h; path = GKAchievementChallenge.h; sourceTree = "<group>"; };
		ABDEA8C12571C593008EB04E /* GKLeaderboardEntry.h */ = {isa = PBXFileReference; fileEncoding = 4; lastKnownFileType = sourcecode.c.h; path = GKLeaderboardEntry.h; sourceTree = "<group>"; };
		ABDEA8C32571C593008EB04E /* ChallengeListener.mm */ = {isa = PBXFileReference; fileEncoding = 4; lastKnownFileType = sourcecode.cpp.objcpp; path = ChallengeListener.mm; sourceTree = "<group>"; };
		ABDEA8C42571C593008EB04E /* MatchDelegate.mm */ = {isa = PBXFileReference; fileEncoding = 4; lastKnownFileType = sourcecode.cpp.objcpp; path = MatchDelegate.mm; sourceTree = "<group>"; };
		ABDEA8C52571C593008EB04E /* GKLeaderboardSet.mm */ = {isa = PBXFileReference; fileEncoding = 4; lastKnownFileType = sourcecode.cpp.objcpp; path = GKLeaderboardSet.mm; sourceTree = "<group>"; };
		ABDEA8C62571C593008EB04E /* GKPlayer.mm */ = {isa = PBXFileReference; fileEncoding = 4; lastKnownFileType = sourcecode.cpp.objcpp; path = GKPlayer.mm; sourceTree = "<group>"; };
		ABDEA8C72571C593008EB04E /* GKSavedGame.h */ = {isa = PBXFileReference; fileEncoding = 4; lastKnownFileType = sourcecode.c.h; path = GKSavedGame.h; sourceTree = "<group>"; };
		ABDEA8C82571C593008EB04E /* GKAchievementDescription.mm */ = {isa = PBXFileReference; fileEncoding = 4; lastKnownFileType = sourcecode.cpp.objcpp; path = GKAchievementDescription.mm; sourceTree = "<group>"; };
		ABDEA8C92571C593008EB04E /* GKTurnBasedMatchmakerViewControllerDelegate.mm */ = {isa = PBXFileReference; fileEncoding = 4; lastKnownFileType = sourcecode.cpp.objcpp; path = GKTurnBasedMatchmakerViewControllerDelegate.mm; sourceTree = "<group>"; };
		ABDEA8CA2571C593008EB04E /* MatchmakerViewControllerDelegate.mm */ = {isa = PBXFileReference; fileEncoding = 4; lastKnownFileType = sourcecode.cpp.objcpp; path = MatchmakerViewControllerDelegate.mm; sourceTree = "<group>"; };
		ABDEA8CB2571C593008EB04E /* LocalPlayerListener.h */ = {isa = PBXFileReference; fileEncoding = 4; lastKnownFileType = sourcecode.c.h; path = LocalPlayerListener.h; sourceTree = "<group>"; };
		ABDEA8CC2571C593008EB04E /* GKTurnBasedExchangeReply.mm */ = {isa = PBXFileReference; fileEncoding = 4; lastKnownFileType = sourcecode.cpp.objcpp; path = GKTurnBasedExchangeReply.mm; sourceTree = "<group>"; };
		ABDEA8CD2571C593008EB04E /* GKBasePlayer.mm */ = {isa = PBXFileReference; fileEncoding = 4; lastKnownFileType = sourcecode.cpp.objcpp; path = GKBasePlayer.mm; sourceTree = "<group>"; };
		ABDEA8CE2571C593008EB04E /* GKTurnBasedExchange.h */ = {isa = PBXFileReference; fileEncoding = 4; lastKnownFileType = sourcecode.c.h; path = GKTurnBasedExchange.h; sourceTree = "<group>"; };
		ABDEA8CF2571C593008EB04E /* GKAchievement.h */ = {isa = PBXFileReference; fileEncoding = 4; lastKnownFileType = sourcecode.c.h; path = GKAchievement.h; sourceTree = "<group>"; };
		ABDEA8D02571C593008EB04E /* GKTurnBasedMatchmakerViewControllerDelegate.h */ = {isa = PBXFileReference; fileEncoding = 4; lastKnownFileType = sourcecode.c.h; path = GKTurnBasedMatchmakerViewControllerDelegate.h; sourceTree = "<group>"; };
		ABDEA8D12571C593008EB04E /* GKTurnBasedMatchmakerViewController.h */ = {isa = PBXFileReference; fileEncoding = 4; lastKnownFileType = sourcecode.c.h; path = GKTurnBasedMatchmakerViewController.h; sourceTree = "<group>"; };
		ABDEA8D22571C593008EB04E /* GKAchievement.mm */ = {isa = PBXFileReference; fileEncoding = 4; lastKnownFileType = sourcecode.cpp.objcpp; path = GKAchievement.mm; sourceTree = "<group>"; };
		ABDEA8D32571C593008EB04E /* LocalPlayerListener.mm */ = {isa = PBXFileReference; fileEncoding = 4; lastKnownFileType = sourcecode.cpp.objcpp; path = LocalPlayerListener.mm; sourceTree = "<group>"; };
		ABDEA8D42571C593008EB04E /* GKAccessPoint.h */ = {isa = PBXFileReference; fileEncoding = 4; lastKnownFileType = sourcecode.c.h; path = GKAccessPoint.h; sourceTree = "<group>"; };
		ABDEA8D52571C593008EB04E /* GKVoiceChat.h */ = {isa = PBXFileReference; fileEncoding = 4; lastKnownFileType = sourcecode.c.h; path = GKVoiceChat.h; sourceTree = "<group>"; };
		ABDEA8D62571C593008EB04E /* Converters.m */ = {isa = PBXFileReference; fileEncoding = 4; lastKnownFileType = sourcecode.c.objc; path = Converters.m; sourceTree = "<group>"; };
		ABDEA8D72571C593008EB04E /* NSError.mm */ = {isa = PBXFileReference; fileEncoding = 4; lastKnownFileType = sourcecode.cpp.objcpp; path = NSError.mm; sourceTree = "<group>"; };
		ABDEA8D82571C593008EB04E /* GKChallenge.mm */ = {isa = PBXFileReference; fileEncoding = 4; lastKnownFileType = sourcecode.cpp.objcpp; path = GKChallenge.mm; sourceTree = "<group>"; };
		ABDEA8D92571C593008EB04E /* GKInvite.mm */ = {isa = PBXFileReference; fileEncoding = 4; lastKnownFileType = sourcecode.cpp.objcpp; path = GKInvite.mm; sourceTree = "<group>"; };
		ABDEA8DA2571C593008EB04E /* GameKitInitializer.h */ = {isa = PBXFileReference; fileEncoding = 4; lastKnownFileType = sourcecode.c.h; path = GameKitInitializer.h; sourceTree = "<group>"; };
		ABDEA8DB2571C593008EB04E /* GKAccessPoint.mm */ = {isa = PBXFileReference; fileEncoding = 4; lastKnownFileType = sourcecode.cpp.objcpp; path = GKAccessPoint.mm; sourceTree = "<group>"; };
		ABDEA8DC2571C593008EB04E /* NSError.h */ = {isa = PBXFileReference; fileEncoding = 4; lastKnownFileType = sourcecode.c.h; path = NSError.h; sourceTree = "<group>"; };
		ABDEA8DD2571C593008EB04E /* GKLeaderboard.mm */ = {isa = PBXFileReference; fileEncoding = 4; lastKnownFileType = sourcecode.cpp.objcpp; path = GKLeaderboard.mm; sourceTree = "<group>"; };
		ABDEA8DE2571C593008EB04E /* GKLeaderboardEntry.mm */ = {isa = PBXFileReference; fileEncoding = 4; lastKnownFileType = sourcecode.cpp.objcpp; path = GKLeaderboardEntry.mm; sourceTree = "<group>"; };
		ABDEA8DF2571C593008EB04E /* GKAchievementDescription.h */ = {isa = PBXFileReference; fileEncoding = 4; lastKnownFileType = sourcecode.c.h; path = GKAchievementDescription.h; sourceTree = "<group>"; };
		ABDEA8E02571C593008EB04E /* GKAchievementChallenge.mm */ = {isa = PBXFileReference; fileEncoding = 4; lastKnownFileType = sourcecode.cpp.objcpp; path = GKAchievementChallenge.mm; sourceTree = "<group>"; };
		ABDEA8E12571C593008EB04E /* GKLocalPlayer.h */ = {isa = PBXFileReference; fileEncoding = 4; lastKnownFileType = sourcecode.c.h; path = GKLocalPlayer.h; sourceTree = "<group>"; };
		ABDEA8E22571C593008EB04E /* GKTurnBasedParticipant.h */ = {isa = PBXFileReference; fileEncoding = 4; lastKnownFileType = sourcecode.c.h; path = GKTurnBasedParticipant.h; sourceTree = "<group>"; };
		ABDEA8E32571C593008EB04E /* GKMatchmakerViewController.h */ = {isa = PBXFileReference; fileEncoding = 4; lastKnownFileType = sourcecode.c.h; path = GKMatchmakerViewController.h; sourceTree = "<group>"; };
		ABDEA8E42571C593008EB04E /* GKMatchmaker.mm */ = {isa = PBXFileReference; fileEncoding = 4; lastKnownFileType = sourcecode.cpp.objcpp; path = GKMatchmaker.mm; sourceTree = "<group>"; };
		ABDEA8E52571C593008EB04E /* GKScore.h */ = {isa = PBXFileReference; fileEncoding = 4; lastKnownFileType = sourcecode.c.h; path = GKScore.h; sourceTree = "<group>"; };
		ABDEA8E62571C593008EB04E /* GKTurnBasedMatchmakerViewController.mm */ = {isa = PBXFileReference; fileEncoding = 4; lastKnownFileType = sourcecode.cpp.objcpp; path = GKTurnBasedMatchmakerViewController.mm; sourceTree = "<group>"; };
		ABDEA8E72571C593008EB04E /* GKTurnBasedMatch.mm */ = {isa = PBXFileReference; fileEncoding = 4; lastKnownFileType = sourcecode.cpp.objcpp; path = GKTurnBasedMatch.mm; sourceTree = "<group>"; };
		ABDEA8E82571C593008EB04E /* GameKitInitializer.mm */ = {isa = PBXFileReference; fileEncoding = 4; lastKnownFileType = sourcecode.cpp.objcpp; path = GameKitInitializer.mm; sourceTree = "<group>"; };
		ABDEA8E92571C593008EB04E /* GKMatchmaker.h */ = {isa = PBXFileReference; fileEncoding = 4; lastKnownFileType = sourcecode.c.h; path = GKMatchmaker.h; sourceTree = "<group>"; };
		ABDEA8EA2571C594008EB04E /* GKMatchRequest.h */ = {isa = PBXFileReference; fileEncoding = 4; lastKnownFileType = sourcecode.c.h; path = GKMatchRequest.h; sourceTree = "<group>"; };
		ABDEA8EB2571C594008EB04E /* GKMatchRequest.mm */ = {isa = PBXFileReference; fileEncoding = 4; lastKnownFileType = sourcecode.cpp.objcpp; path = GKMatchRequest.mm; sourceTree = "<group>"; };
		ABDEA9CF2571D187008EB04E /* GKLeaderboardScore.h */ = {isa = PBXFileReference; fileEncoding = 4; lastKnownFileType = sourcecode.c.h; path = GKLeaderboardScore.h; sourceTree = "<group>"; };
		ABDEA9D02571D187008EB04E /* GKLeaderboardScore.mm */ = {isa = PBXFileReference; fileEncoding = 4; lastKnownFileType = sourcecode.cpp.objcpp; path = GKLeaderboardScore.mm; sourceTree = "<group>"; };
/* End PBXFileReference section */

/* Begin PBXFrameworksBuildPhase section */
		AB37EC4623F49B440000F92E /* Frameworks */ = {
			isa = PBXFrameworksBuildPhase;
			buildActionMask = 2147483647;
			files = (
				AB81C33F248D42F70003242F /* UIKit.framework in Frameworks */,
				ABA35142251905CC00BC964C /* GameKit.framework in Frameworks */,
			);
			runOnlyForDeploymentPostprocessing = 0;
		};
/* End PBXFrameworksBuildPhase section */

/* Begin PBXGroup section */
		AB37EC3F23F49B440000F92E = {
			isa = PBXGroup;
			children = (
				ABDEA8A22571C593008EB04E /* Common */,
				AB37EC4923F49B440000F92E /* Products */,
				AB81C33C248D42AA0003242F /* Frameworks */,
			);
			sourceTree = "<group>";
		};
		AB37EC4923F49B440000F92E /* Products */ = {
			isa = PBXGroup;
			children = (
				AB37EC4823F49B440000F92E /* libHHGameKit.a */,
			);
			name = Products;
			sourceTree = "<group>";
		};
		AB81C33C248D42AA0003242F /* Frameworks */ = {
			isa = PBXGroup;
			children = (
				ABA351402519059500BC964C /* GameKit.framework */,
				AB81C33D248D42AB0003242F /* UIKit.framework */,
			);
			name = Frameworks;
			sourceTree = "<group>";
		};
		ABDEA8A22571C593008EB04E /* Common */ = {
			isa = PBXGroup;
			children = (
				ABAE501E25A7CD7100F51AF2 /* GKNotificationBanner.h */,
				ABAE501D25A7CD7100F51AF2 /* GKNotificationBanner.mm */,
				ABDEA8AB2571C593008EB04E /* NSException.h */,
				ABDEA8A42571C593008EB04E /* NSException.mm */,
				ABDEA8AE2571C593008EB04E /* TurnBasedEventListener.h */,
				ABDEA8AF2571C593008EB04E /* Converters.h */,
				ABDEA8B02571C593008EB04E /* GKPlayer.h */,
				ABDEA8B62571C593008EB04E /* ChallengeListener.h */,
				ABDEA8B82571C593008EB04E /* Callbacks.h */,
				ABDEA8B92571C593008EB04E /* MatchmakerViewControllerDelegate.h */,
				ABDEA8BE2571C593008EB04E /* TurnBasedEventListener.mm */,
				ABDEA8BF2571C593008EB04E /* MatchDelegate.h */,
				ABDEA8C32571C593008EB04E /* ChallengeListener.mm */,
				ABDEA8C42571C593008EB04E /* MatchDelegate.mm */,
				ABDEA8C62571C593008EB04E /* GKPlayer.mm */,
				ABDEA8C72571C593008EB04E /* GKSavedGame.h */,
				ABDEA8C92571C593008EB04E /* GKTurnBasedMatchmakerViewControllerDelegate.mm */,
				ABDEA8CA2571C593008EB04E /* MatchmakerViewControllerDelegate.mm */,
				ABDEA8CB2571C593008EB04E /* LocalPlayerListener.h */,
				ABDEA8D32571C593008EB04E /* LocalPlayerListener.mm */,
				ABDEA8D62571C593008EB04E /* Converters.m */,
				ABDEA8DA2571C593008EB04E /* GameKitInitializer.h */,
				ABDEA8E82571C593008EB04E /* GameKitInitializer.mm */,
				ABDEA8B42571C593008EB04E /* GKMatch.h */,
				ABDEA8B52571C593008EB04E /* GKTurnBasedMatch.h */,
				ABDEA8C02571C593008EB04E /* GKAchievementChallenge.h */,
				ABDEA8CF2571C593008EB04E /* GKAchievement.h */,
				ABDEA8A72571C593008EB04E /* GKChallenge.h */,
				ABDEA8A82571C593008EB04E /* GKBasePlayer.h */,
				ABDEA8AC2571C593008EB04E /* GKMatch.mm */,
				ABDEA8AA2571C593008EB04E /* GKScore.mm */,
				ABDEA8D42571C593008EB04E /* GKAccessPoint.h */,
				ABDEA8DB2571C593008EB04E /* GKAccessPoint.mm */,
				ABDEA8D22571C593008EB04E /* GKAchievement.mm */,
				ABDEA8C82571C593008EB04E /* GKAchievementDescription.mm */,
				ABDEA8DF2571C593008EB04E /* GKAchievementDescription.h */,
				ABDEA8E02571C593008EB04E /* GKAchievementChallenge.mm */,
				ABDEA8CD2571C593008EB04E /* GKBasePlayer.mm */,
				ABDEA8D82571C593008EB04E /* GKChallenge.mm */,
				AB76D77525C4BF4200247DCD /* GKGameCenterControllerDelegate.h */,
				AB76D77325C4BF4200247DCD /* GKGameCenterControllerDelegate.mm */,
				AB76D77425C4BF4200247DCD /* GKGameCenterViewController.h */,
				AB76D77625C4BF4200247DCD /* GKGameCenterViewController.mm */,
				ABDEA8A92571C593008EB04E /* GKInvite.h */,
				ABDEA8D92571C593008EB04E /* GKInvite.mm */,
				ABDEA8BA2571C593008EB04E /* GKLeaderboardSet.h */,
				ABDEA8C52571C593008EB04E /* GKLeaderboardSet.mm */,
				ABDEA8B72571C593008EB04E /* GKLeaderboard.h */,
				ABDEA8DD2571C593008EB04E /* GKLeaderboard.mm */,
				ABDEA8C12571C593008EB04E /* GKLeaderboardEntry.h */,
				ABDEA8DE2571C593008EB04E /* GKLeaderboardEntry.mm */,
				ABDEA9CF2571D187008EB04E /* GKLeaderboardScore.h */,
				ABDEA9D02571D187008EB04E /* GKLeaderboardScore.mm */,
				ABDEA8E12571C593008EB04E /* GKLocalPlayer.h */,
				ABDEA8BC2571C593008EB04E /* GKLocalPlayer.mm */,
				ABDEA8E32571C593008EB04E /* GKMatchmakerViewController.h */,
				ABDEA8AD2571C593008EB04E /* GKMatchmakerViewController.mm */,
				ABDEA8E42571C593008EB04E /* GKMatchmaker.mm */,
				ABDEA8E92571C593008EB04E /* GKMatchmaker.h */,
				ABDEA8EA2571C594008EB04E /* GKMatchRequest.h */,
				ABDEA8EB2571C594008EB04E /* GKMatchRequest.mm */,
				ABDEA8BD2571C593008EB04E /* GKScoreChallenge.mm */,
				ABDEA8B22571C593008EB04E /* GKScoreChallenge.h */,
				ABDEA8B32571C593008EB04E /* GKSavedGame.mm */,
				ABDEA8E52571C593008EB04E /* GKScore.h */,
				ABDEA8BB2571C593008EB04E /* GKTurnBasedExchange.mm */,
				ABDEA8B12571C593008EB04E /* GKTurnBasedParticipant.mm */,
				ABDEA8A32571C593008EB04E /* GKTurnBasedExchangeReply.h */,
				ABDEA8CC2571C593008EB04E /* GKTurnBasedExchangeReply.mm */,
				ABDEA8CE2571C593008EB04E /* GKTurnBasedExchange.h */,
				ABDEA8D02571C593008EB04E /* GKTurnBasedMatchmakerViewControllerDelegate.h */,
				ABDEA8D12571C593008EB04E /* GKTurnBasedMatchmakerViewController.h */,
				ABDEA8E62571C593008EB04E /* GKTurnBasedMatchmakerViewController.mm */,
				ABDEA8E22571C593008EB04E /* GKTurnBasedParticipant.h */,
				ABDEA8E72571C593008EB04E /* GKTurnBasedMatch.mm */,
				ABDEA8D52571C593008EB04E /* GKVoiceChat.h */,
				ABDEA8A62571C593008EB04E /* GKVoiceChat.mm */,
				ABDEA8D72571C593008EB04E /* NSError.mm */,
				ABDEA8DC2571C593008EB04E /* NSError.h */,
				AB65F3BE25B7DBE4000E7C51 /* UIImage.h */,
				AB65F3BD25B7DBE4000E7C51 /* UIImage.mm */,
				AB76D76125C4B15000247DCD /* GKViewController.h */,
				AB76D76025C4B15000247DCD /* GKViewController.mm */,
			);
			name = Common;
			path = ../Common;
			sourceTree = "<group>";
		};
/* End PBXGroup section */

/* Begin PBXHeadersBuildPhase section */
		AB37EC4423F49B440000F92E /* Headers */ = {
			isa = PBXHeadersBuildPhase;
			buildActionMask = 2147483647;
			files = (
				ABDEA92C2571C594008EB04E /* GKMatchmakerViewController.h in Headers */,
				ABDEA8F12571C594008EB04E /* GKBasePlayer.h in Headers */,
				ABDEA8FE2571C594008EB04E /* GKTurnBasedMatch.h in Headers */,
				ABDEA8F22571C594008EB04E /* GKInvite.h in Headers */,
				ABDEA8F72571C594008EB04E /* TurnBasedEventListener.h in Headers */,
				ABDEA8FB2571C594008EB04E /* GKScoreChallenge.h in Headers */,
				ABDEA9172571C594008EB04E /* GKTurnBasedExchange.h in Headers */,
				ABDEA9322571C594008EB04E /* GKMatchmaker.h in Headers */,
				ABDEA8FD2571C594008EB04E /* GKMatch.h in Headers */,
				ABDEA9232571C594008EB04E /* GameKitInitializer.h in Headers */,
				ABDEA9252571C594008EB04E /* NSError.h in Headers */,
				ABDEA9D12571D188008EB04E /* GKLeaderboardScore.h in Headers */,
				ABDEA9002571C594008EB04E /* GKLeaderboard.h in Headers */,
				ABAE502025A7CD7100F51AF2 /* GKNotificationBanner.h in Headers */,
				ABDEA8FF2571C594008EB04E /* ChallengeListener.h in Headers */,
				ABDEA8F82571C594008EB04E /* Converters.h in Headers */,
				ABDEA9102571C594008EB04E /* GKSavedGame.h in Headers */,
				AB76D76325C4B15100247DCD /* GKViewController.h in Headers */,
				ABDEA91D2571C594008EB04E /* GKAccessPoint.h in Headers */,
				ABDEA92A2571C594008EB04E /* GKLocalPlayer.h in Headers */,
				ABDEA9192571C594008EB04E /* GKTurnBasedMatchmakerViewControllerDelegate.h in Headers */,
				ABDEA91A2571C594008EB04E /* GKTurnBasedMatchmakerViewController.h in Headers */,
				AB76D77825C4BF4200247DCD /* GKGameCenterViewController.h in Headers */,
				ABDEA90A2571C594008EB04E /* GKLeaderboardEntry.h in Headers */,
				ABDEA9082571C594008EB04E /* MatchDelegate.h in Headers */,
				ABDEA8F42571C594008EB04E /* NSException.h in Headers */,
				ABDEA8F02571C594008EB04E /* GKChallenge.h in Headers */,
				ABDEA9332571C594008EB04E /* GKMatchRequest.h in Headers */,
				AB76D77925C4BF4200247DCD /* GKGameCenterControllerDelegate.h in Headers */,
				ABDEA91E2571C594008EB04E /* GKVoiceChat.h in Headers */,
				ABDEA9182571C594008EB04E /* GKAchievement.h in Headers */,
				ABDEA9032571C594008EB04E /* GKLeaderboardSet.h in Headers */,
				ABDEA9012571C594008EB04E /* Callbacks.h in Headers */,
				ABDEA9142571C594008EB04E /* LocalPlayerListener.h in Headers */,
				AB65F3C025B7DBE5000E7C51 /* UIImage.h in Headers */,
				ABDEA92E2571C594008EB04E /* GKScore.h in Headers */,
				ABDEA9022571C594008EB04E /* MatchmakerViewControllerDelegate.h in Headers */,
				ABDEA8EC2571C594008EB04E /* GKTurnBasedExchangeReply.h in Headers */,
				ABDEA9282571C594008EB04E /* GKAchievementDescription.h in Headers */,
				ABDEA9092571C594008EB04E /* GKAchievementChallenge.h in Headers */,
				ABDEA8F92571C594008EB04E /* GKPlayer.h in Headers */,
				ABDEA92B2571C594008EB04E /* GKTurnBasedParticipant.h in Headers */,
			);
			runOnlyForDeploymentPostprocessing = 0;
		};
/* End PBXHeadersBuildPhase section */

/* Begin PBXNativeTarget section */
		AB37EC4723F49B440000F92E /* HHGameKit */ = {
			isa = PBXNativeTarget;
			buildConfigurationList = AB37EC5123F49B440000F92E /* Build configuration list for PBXNativeTarget "HHGameKit" */;
			buildPhases = (
				AB37EC4423F49B440000F92E /* Headers */,
				AB37EC4523F49B440000F92E /* Sources */,
				AB37EC4623F49B440000F92E /* Frameworks */,
				AB37EDDF23F4A8950000F92E /* CopyFiles */,
			);
			buildRules = (
			);
			dependencies = (
			);
			name = HHGameKit;
			productName = HHCloudKitIOS;
			productReference = AB37EC4823F49B440000F92E /* libHHGameKit.a */;
			productType = "com.apple.product-type.library.static";
		};
/* End PBXNativeTarget section */

/* Begin PBXProject section */
		AB37EC4023F49B440000F92E /* Project object */ = {
			isa = PBXProject;
			attributes = {
				LastUpgradeCheck = 1130;
				ORGANIZATIONNAME = HovelHouseApps;
				TargetAttributes = {
					AB37EC4723F49B440000F92E = {
						CreatedOnToolsVersion = 11.3.1;
					};
				};
			};
			buildConfigurationList = AB37EC4323F49B440000F92E /* Build configuration list for PBXProject "HHGameKitIOS" */;
			compatibilityVersion = "Xcode 9.3";
			developmentRegion = en;
			hasScannedForEncodings = 0;
			knownRegions = (
				en,
				Base,
			);
			mainGroup = AB37EC3F23F49B440000F92E;
			productRefGroup = AB37EC4923F49B440000F92E /* Products */;
			projectDirPath = "";
			projectRoot = "";
			targets = (
				AB37EC4723F49B440000F92E /* HHGameKit */,
			);
		};
/* End PBXProject section */

/* Begin PBXSourcesBuildPhase section */
		AB37EC4523F49B440000F92E /* Sources */ = {
			isa = PBXSourcesBuildPhase;
			buildActionMask = 2147483647;
			files = (
				ABDEA9112571C594008EB04E /* GKAchievementDescription.mm in Sources */,
				ABDEA9342571C594008EB04E /* GKMatchRequest.mm in Sources */,
				ABDEA9292571C594008EB04E /* GKAchievementChallenge.mm in Sources */,
				ABDEA8FA2571C594008EB04E /* GKTurnBasedParticipant.mm in Sources */,
				ABDEA8F32571C594008EB04E /* GKScore.mm in Sources */,
				AB65F3BF25B7DBE5000E7C51 /* UIImage.mm in Sources */,
				ABDEA90F2571C594008EB04E /* GKPlayer.mm in Sources */,
				ABDEA9272571C594008EB04E /* GKLeaderboardEntry.mm in Sources */,
				ABDEA92D2571C594008EB04E /* GKMatchmaker.mm in Sources */,
				ABDEA92F2571C594008EB04E /* GKTurnBasedMatchmakerViewController.mm in Sources */,
				ABDEA9152571C594008EB04E /* GKTurnBasedExchangeReply.mm in Sources */,
				ABDEA90D2571C594008EB04E /* MatchDelegate.mm in Sources */,
				ABDEA9122571C594008EB04E /* GKTurnBasedMatchmakerViewControllerDelegate.mm in Sources */,
				ABAE501F25A7CD7100F51AF2 /* GKNotificationBanner.mm in Sources */,
				ABDEA91C2571C594008EB04E /* LocalPlayerListener.mm in Sources */,
				ABDEA9262571C594008EB04E /* GKLeaderboard.mm in Sources */,
				ABDEA8EF2571C594008EB04E /* GKVoiceChat.mm in Sources */,
				ABDEA9212571C594008EB04E /* GKChallenge.mm in Sources */,
				ABDEA9062571C594008EB04E /* GKScoreChallenge.mm in Sources */,
				ABDEA91F2571C594008EB04E /* Converters.m in Sources */,
				ABDEA9202571C594008EB04E /* NSError.mm in Sources */,
				ABDEA9222571C594008EB04E /* GKInvite.mm in Sources */,
				ABDEA9302571C594008EB04E /* GKTurnBasedMatch.mm in Sources */,
				ABDEA8F52571C594008EB04E /* GKMatch.mm in Sources */,
				AB76D76225C4B15100247DCD /* GKViewController.mm in Sources */,
				ABDEA9042571C594008EB04E /* GKTurnBasedExchange.mm in Sources */,
				ABDEA8FC2571C594008EB04E /* GKSavedGame.mm in Sources */,
				ABDEA91B2571C594008EB04E /* GKAchievement.mm in Sources */,
				ABDEA9162571C594008EB04E /* GKBasePlayer.mm in Sources */,
				ABDEA9312571C594008EB04E /* GameKitInitializer.mm in Sources */,
				ABDEA8ED2571C594008EB04E /* NSException.mm in Sources */,
				AB76D77725C4BF4200247DCD /* GKGameCenterControllerDelegate.mm in Sources */,
				AB76D77A25C4BF4200247DCD /* GKGameCenterViewController.mm in Sources */,
				ABDEA9132571C594008EB04E /* MatchmakerViewControllerDelegate.mm in Sources */,
				ABDEA9242571C594008EB04E /* GKAccessPoint.mm in Sources */,
				ABDEA9072571C594008EB04E /* TurnBasedEventListener.mm in Sources */,
				ABDEA9052571C594008EB04E /* GKLocalPlayer.mm in Sources */,
				ABDEA9D22571D188008EB04E /* GKLeaderboardScore.mm in Sources */,
				ABDEA90C2571C594008EB04E /* ChallengeListener.mm in Sources */,
				ABDEA90E2571C594008EB04E /* GKLeaderboardSet.mm in Sources */,
				ABDEA8F62571C594008EB04E /* GKMatchmakerViewController.mm in Sources */,
			);
			runOnlyForDeploymentPostprocessing = 0;
		};
/* End PBXSourcesBuildPhase section */

/* Begin XCBuildConfiguration section */
		AB37EC4F23F49B440000F92E /* Debug */ = {
			isa = XCBuildConfiguration;
			buildSettings = {
				ALWAYS_SEARCH_USER_PATHS = NO;
				CLANG_ANALYZER_NONNULL = YES;
				CLANG_ANALYZER_NUMBER_OBJECT_CONVERSION = YES_AGGRESSIVE;
				CLANG_CXX_LANGUAGE_STANDARD = "gnu++14";
				CLANG_CXX_LIBRARY = "libc++";
				CLANG_ENABLE_MODULES = YES;
				CLANG_ENABLE_OBJC_ARC = YES;
				CLANG_ENABLE_OBJC_WEAK = YES;
				CLANG_WARN_BLOCK_CAPTURE_AUTORELEASING = YES;
				CLANG_WARN_BOOL_CONVERSION = YES;
				CLANG_WARN_COMMA = YES;
				CLANG_WARN_CONSTANT_CONVERSION = YES;
				CLANG_WARN_DEPRECATED_OBJC_IMPLEMENTATIONS = YES;
				CLANG_WARN_DIRECT_OBJC_ISA_USAGE = YES_ERROR;
				CLANG_WARN_DOCUMENTATION_COMMENTS = YES;
				CLANG_WARN_EMPTY_BODY = YES;
				CLANG_WARN_ENUM_CONVERSION = YES;
				CLANG_WARN_INFINITE_RECURSION = YES;
				CLANG_WARN_INT_CONVERSION = YES;
				CLANG_WARN_NON_LITERAL_NULL_CONVERSION = YES;
				CLANG_WARN_OBJC_IMPLICIT_RETAIN_SELF = YES;
				CLANG_WARN_OBJC_LITERAL_CONVERSION = YES;
				CLANG_WARN_OBJC_ROOT_CLASS = YES_ERROR;
				CLANG_WARN_RANGE_LOOP_ANALYSIS = YES;
				CLANG_WARN_STRICT_PROTOTYPES = YES;
				CLANG_WARN_SUSPICIOUS_MOVE = YES;
				CLANG_WARN_UNGUARDED_AVAILABILITY = YES_AGGRESSIVE;
				CLANG_WARN_UNREACHABLE_CODE = YES;
				CLANG_WARN__DUPLICATE_METHOD_MATCH = YES;
				COPY_PHASE_STRIP = NO;
				DEBUG_INFORMATION_FORMAT = dwarf;
				ENABLE_STRICT_OBJC_MSGSEND = YES;
				ENABLE_TESTABILITY = YES;
				GCC_C_LANGUAGE_STANDARD = gnu11;
				GCC_DYNAMIC_NO_PIC = NO;
				GCC_NO_COMMON_BLOCKS = YES;
				GCC_OPTIMIZATION_LEVEL = 0;
				GCC_PREPROCESSOR_DEFINITIONS = (
					"DEBUG=1",
					"$(inherited)",
				);
				GCC_WARN_64_TO_32_BIT_CONVERSION = YES;
				GCC_WARN_ABOUT_RETURN_TYPE = YES_ERROR;
				GCC_WARN_UNDECLARED_SELECTOR = YES;
				GCC_WARN_UNINITIALIZED_AUTOS = YES_AGGRESSIVE;
				GCC_WARN_UNUSED_FUNCTION = YES;
				GCC_WARN_UNUSED_VARIABLE = YES;
				IPHONEOS_DEPLOYMENT_TARGET = 13.0;
				MACOSX_DEPLOYMENT_TARGET = 10.15;
				MTL_ENABLE_DEBUG_INFO = INCLUDE_SOURCE;
				MTL_FAST_MATH = YES;
				ONLY_ACTIVE_ARCH = YES;
				SDKROOT = iphoneos;
			};
			name = Debug;
		};
		AB37EC5023F49B440000F92E /* Release */ = {
			isa = XCBuildConfiguration;
			buildSettings = {
				ALWAYS_SEARCH_USER_PATHS = NO;
				CLANG_ANALYZER_NONNULL = YES;
				CLANG_ANALYZER_NUMBER_OBJECT_CONVERSION = YES_AGGRESSIVE;
				CLANG_CXX_LANGUAGE_STANDARD = "gnu++14";
				CLANG_CXX_LIBRARY = "libc++";
				CLANG_ENABLE_MODULES = YES;
				CLANG_ENABLE_OBJC_ARC = YES;
				CLANG_ENABLE_OBJC_WEAK = YES;
				CLANG_WARN_BLOCK_CAPTURE_AUTORELEASING = YES;
				CLANG_WARN_BOOL_CONVERSION = YES;
				CLANG_WARN_COMMA = YES;
				CLANG_WARN_CONSTANT_CONVERSION = YES;
				CLANG_WARN_DEPRECATED_OBJC_IMPLEMENTATIONS = YES;
				CLANG_WARN_DIRECT_OBJC_ISA_USAGE = YES_ERROR;
				CLANG_WARN_DOCUMENTATION_COMMENTS = YES;
				CLANG_WARN_EMPTY_BODY = YES;
				CLANG_WARN_ENUM_CONVERSION = YES;
				CLANG_WARN_INFINITE_RECURSION = YES;
				CLANG_WARN_INT_CONVERSION = YES;
				CLANG_WARN_NON_LITERAL_NULL_CONVERSION = YES;
				CLANG_WARN_OBJC_IMPLICIT_RETAIN_SELF = YES;
				CLANG_WARN_OBJC_LITERAL_CONVERSION = YES;
				CLANG_WARN_OBJC_ROOT_CLASS = YES_ERROR;
				CLANG_WARN_RANGE_LOOP_ANALYSIS = YES;
				CLANG_WARN_STRICT_PROTOTYPES = YES;
				CLANG_WARN_SUSPICIOUS_MOVE = YES;
				CLANG_WARN_UNGUARDED_AVAILABILITY = YES_AGGRESSIVE;
				CLANG_WARN_UNREACHABLE_CODE = YES;
				CLANG_WARN__DUPLICATE_METHOD_MATCH = YES;
				COPY_PHASE_STRIP = NO;
				DEBUG_INFORMATION_FORMAT = "dwarf-with-dsym";
				ENABLE_NS_ASSERTIONS = NO;
				ENABLE_STRICT_OBJC_MSGSEND = YES;
				GCC_C_LANGUAGE_STANDARD = gnu11;
				GCC_NO_COMMON_BLOCKS = YES;
				GCC_WARN_64_TO_32_BIT_CONVERSION = YES;
				GCC_WARN_ABOUT_RETURN_TYPE = YES_ERROR;
				GCC_WARN_UNDECLARED_SELECTOR = YES;
				GCC_WARN_UNINITIALIZED_AUTOS = YES_AGGRESSIVE;
				GCC_WARN_UNUSED_FUNCTION = YES;
				GCC_WARN_UNUSED_VARIABLE = YES;
				IPHONEOS_DEPLOYMENT_TARGET = 13.0;
				MACOSX_DEPLOYMENT_TARGET = 10.15;
				MTL_ENABLE_DEBUG_INFO = NO;
				MTL_FAST_MATH = YES;
				SDKROOT = iphoneos;
			};
			name = Release;
		};
		AB37EC5223F49B440000F92E /* Debug */ = {
			isa = XCBuildConfiguration;
			buildSettings = {
				CODE_SIGN_STYLE = Automatic;
				DEVELOPMENT_TEAM = DCQFJ2K8S3;
				EXECUTABLE_PREFIX = lib;
				IPHONEOS_DEPLOYMENT_TARGET = 13.0;
				ONLY_ACTIVE_ARCH = NO;
				"OTHER_CFLAGS[arch=*]" = "-fembed-bitcode";
				PRODUCT_NAME = "$(TARGET_NAME)";
				SDKROOT = iphoneos;
				SKIP_INSTALL = YES;
			};
			name = Debug;
		};
		AB37EC5323F49B440000F92E /* Release */ = {
			isa = XCBuildConfiguration;
			buildSettings = {
				CODE_SIGN_STYLE = Automatic;
				DEVELOPMENT_TEAM = DCQFJ2K8S3;
				EXECUTABLE_PREFIX = lib;
				IPHONEOS_DEPLOYMENT_TARGET = 13.0;
				"OTHER_CFLAGS[arch=*]" = "-fembed-bitcode";
				PRODUCT_NAME = "$(TARGET_NAME)";
				SDKROOT = iphoneos;
				SKIP_INSTALL = YES;
			};
			name = Release;
		};
/* End XCBuildConfiguration section */

/* Begin XCConfigurationList section */
		AB37EC4323F49B440000F92E /* Build configuration list for PBXProject "HHGameKitIOS" */ = {
			isa = XCConfigurationList;
			buildConfigurations = (
				AB37EC4F23F49B440000F92E /* Debug */,
				AB37EC5023F49B440000F92E /* Release */,
			);
			defaultConfigurationIsVisible = 0;
			defaultConfigurationName = Release;
		};
		AB37EC5123F49B440000F92E /* Build configuration list for PBXNativeTarget "HHGameKit" */ = {
			isa = XCConfigurationList;
			buildConfigurations = (
				AB37EC5223F49B440000F92E /* Debug */,
				AB37EC5323F49B440000F92E /* Release */,
			);
			defaultConfigurationIsVisible = 0;
			defaultConfigurationName = Release;
		};
/* End XCConfigurationList section */
	};
	rootObject = AB37EC4023F49B440000F92E /* Project object */;
}
